
Microsoft Visual Studio Solution File, Format Version 12.00
# Visual Studio Version 17
VisualStudioVersion = 17.11.35327.3
MinimumVisualStudioVersion = 10.0.40219.1
Project("{2150E333-8FDC-42A3-9474-1A3956D46DE8}") = "Abstraction", "Abstraction", "{BBD65CDE-A8C4-4566-9877-0259D1C819B7}"
EndProject
Project("{2150E333-8FDC-42A3-9474-1A3956D46DE8}") = "Implemention", "Implemention", "{E8A24AC2-2D89-4064-A584-22B3AEB70961}"
EndProject
Project("{2150E333-8FDC-42A3-9474-1A3956D46DE8}") = "Sample", "Sample", "{AEE700DE-874C-4EB4-B713-88E4BFD76715}"
EndProject
Project("{FAE04EC0-301F-11D3-BF4B-00C04F79EFBC}") = "Extensions.Serializers.Abstractions", "Abstraction\Extensions.Serializers.Abstractions\Extensions.Serializers.Abstractions.csproj", "{0C265599-F3ED-4741-BE9A-899536AD95C8}"
EndProject
Project("{FAE04EC0-301F-11D3-BF4B-00C04F79EFBC}") = "Extensions.Serializers.EPPlus", "Implemention\Extensions.Serializers.EPPlus\Extensions.Serializers.EPPlus.csproj", "{D956A7B9-656B-4780-B1FE-BFD33C21EF28}"
EndProject
Project("{FAE04EC0-301F-11D3-BF4B-00C04F79EFBC}") = "Extensions.Serializers.Microsoft", "Implemention\Extensions.Serializers.Microsoft\Extensions.Serializers.Microsoft.csproj", "{C76DE661-CC1B-4690-AFF6-52474408FAF0}"
EndProject
Project("{FAE04EC0-301F-11D3-BF4B-00C04F79EFBC}") = "Extensions.Serializers.NewtonSoft", "Implemention\Extensions.Serializers.NewtonSoft\Extensions.Serializers.NewtonSoft.csproj", "{E26A0435-8993-41A4-B8AC-66C9AD36AABA}"
EndProject
Project("{FAE04EC0-301F-11D3-BF4B-00C04F79EFBC}") = "Serializers.WebApi", "Sample\Serializers.WebApi\Serializers.WebApi.csproj", "{AF403055-278A-4909-BF0A-01FCFD09D18A}"
EndProject
Global
	GlobalSection(SolutionConfigurationPlatforms) = preSolution
		Debug|Any CPU = Debug|Any CPU
		Release|Any CPU = Release|Any CPU
	EndGlobalSection
	GlobalSection(ProjectConfigurationPlatforms) = postSolution
		{0C265599-F3ED-4741-BE9A-899536AD95C8}.Debug|Any CPU.ActiveCfg = Debug|Any CPU
		{0C265599-F3ED-4741-BE9A-899536AD95C8}.Debug|Any CPU.Build.0 = Debug|Any CPU
		{0C265599-F3ED-4741-BE9A-899536AD95C8}.Release|Any CPU.ActiveCfg = Release|Any CPU
		{0C265599-F3ED-4741-BE9A-899536AD95C8}.Release|Any CPU.Build.0 = Release|Any CPU
		{D956A7B9-656B-4780-B1FE-BFD33C21EF28}.Debug|Any CPU.ActiveCfg = Debug|Any CPU
		{D956A7B9-656B-4780-B1FE-BFD33C21EF28}.Debug|Any CPU.Build.0 = Debug|Any CPU
		{D956A7B9-656B-4780-B1FE-BFD33C21EF28}.Release|Any CPU.ActiveCfg = Release|Any CPU
		{D956A7B9-656B-4780-B1FE-BFD33C21EF28}.Release|Any CPU.Build.0 = Release|Any CPU
		{C76DE661-CC1B-4690-AFF6-52474408FAF0}.Debug|Any CPU.ActiveCfg = Debug|Any CPU
		{C76DE661-CC1B-4690-AFF6-52474408FAF0}.Debug|Any CPU.Build.0 = Debug|Any CPU
		{C76DE661-CC1B-4690-AFF6-52474408FAF0}.Release|Any CPU.ActiveCfg = Release|Any CPU
		{C76DE661-CC1B-4690-AFF6-52474408FAF0}.Release|Any CPU.Build.0 = Release|Any CPU
		{E26A0435-8993-41A4-B8AC-66C9AD36AABA}.Debug|Any CPU.ActiveCfg = Debug|Any CPU
		{E26A0435-8993-41A4-B8AC-66C9AD36AABA}.Debug|Any CPU.Build.0 = Debug|Any CPU
		{E26A0435-8993-41A4-B8AC-66C9AD36AABA}.Release|Any CPU.ActiveCfg = Release|Any CPU
		{E26A0435-8993-41A4-B8AC-66C9AD36AABA}.Release|Any CPU.Build.0 = Release|Any CPU
		{AF403055-278A-4909-BF0A-01FCFD09D18A}.Debug|Any CPU.ActiveCfg = Debug|Any CPU
		{AF403055-278A-4909-BF0A-01FCFD09D18A}.Debug|Any CPU.Build.0 = Debug|Any CPU
		{AF403055-278A-4909-BF0A-01FCFD09D18A}.Release|Any CPU.ActiveCfg = Release|Any CPU
		{AF403055-278A-4909-BF0A-01FCFD09D18A}.Release|Any CPU.Build.0 = Release|Any CPU
	EndGlobalSection
	GlobalSection(SolutionProperties) = preSolution
		HideSolutionNode = FALSE
	EndGlobalSection
	GlobalSection(NestedProjects) = preSolution
		{0C265599-F3ED-4741-BE9A-899536AD95C8} = {BBD65CDE-A8C4-4566-9877-0259D1C819B7}
		{D956A7B9-656B-4780-B1FE-BFD33C21EF28} = {E8A24AC2-2D89-4064-A584-22B3AEB70961}
		{C76DE661-CC1B-4690-AFF6-52474408FAF0} = {E8A24AC2-2D89-4064-A584-22B3AEB70961}
		{E26A0435-8993-41A4-B8AC-66C9AD36AABA} = {E8A24AC2-2D89-4064-A584-22B3AEB70961}
		{AF403055-278A-4909-BF0A-01FCFD09D18A} = {AEE700DE-874C-4EB4-B713-88E4BFD76715}
	EndGlobalSection
	GlobalSection(ExtensibilityGlobals) = postSolution
		SolutionGuid = {A09FA82A-CD2C-4652-80A8-4BB18FC627F8}
	EndGlobalSection
EndGlobal
