
Microsoft Visual Studio Solution File, Format Version 12.00
# Visual Studio Version 17
VisualStudioVersion = 17.10.35013.160
MinimumVisualStudioVersion = 10.0.40219.1
Project("{2150E333-8FDC-42A3-9474-1A3956D46DE8}") = "Caching", "Caching", "{9FA77FBA-2B6F-45DE-9AC8-A71D3391E5C3}"
EndProject
Project("{2150E333-8FDC-42A3-9474-1A3956D46DE8}") = "1.Abstraction", "1.Abstraction", "{859F5A12-113D-4CC7-9CEF-CBB0757FB8BB}"
EndProject
Project("{2150E333-8FDC-42A3-9474-1A3956D46DE8}") = "2.Implementations", "2.Implementations", "{1958749A-D656-42CD-9114-07D7DAF0F7A1}"
EndProject
Project("{2150E333-8FDC-42A3-9474-1A3956D46DE8}") = "3.Application", "3.Application", "{38356422-3A4C-494B-B4EF-2FF1EBEBCE85}"
EndProject
Project("{2150E333-8FDC-42A3-9474-1A3956D46DE8}") = "ChangeDataLog", "ChangeDataLog", "{A0208381-1D42-41ED-BFD3-9174CD94E9E5}"
EndProject
Project("{2150E333-8FDC-42A3-9474-1A3956D46DE8}") = "DependencyInjection", "DependencyInjection", "{DA474AFA-0498-4960-950A-C7EE6D18B03C}"
EndProject
Project("{2150E333-8FDC-42A3-9474-1A3956D46DE8}") = "Events", "Events", "{1A6C2886-68CC-4E1C-9849-C6029A5433B8}"
EndProject
Project("{2150E333-8FDC-42A3-9474-1A3956D46DE8}") = "Logger", "Logger", "{B4A1D5B6-402B-4BBB-9A31-187C6A78056B}"
EndProject
Project("{2150E333-8FDC-42A3-9474-1A3956D46DE8}") = "MessageBus", "MessageBus", "{DCEA960C-8F66-403A-A36A-FAE2123A01A0}"
EndProject
Project("{2150E333-8FDC-42A3-9474-1A3956D46DE8}") = "ObjectMappers", "ObjectMappers", "{CBFE4CAA-4FC6-4CE6-AF28-34D4ABE594EC}"
EndProject
Project("{2150E333-8FDC-42A3-9474-1A3956D46DE8}") = "Serializers", "Serializers", "{B016ED56-ED78-4A63-BB07-18D73315F5CA}"
EndProject
Project("{2150E333-8FDC-42A3-9474-1A3956D46DE8}") = "Translations", "Translations", "{1DCD7B94-496B-4BE4-8A0E-54B8CE592C40}"
EndProject
Project("{2150E333-8FDC-42A3-9474-1A3956D46DE8}") = "UsersManagement", "UsersManagement", "{13BDB65D-87D4-4CE7-927B-6329F011346C}"
EndProject
Project("{2150E333-8FDC-42A3-9474-1A3956D46DE8}") = "1.Abstraction", "1.Abstraction", "{52D43CBC-D269-4EA9-BE27-8BB1734C349C}"
EndProject
Project("{2150E333-8FDC-42A3-9474-1A3956D46DE8}") = "1.Abstraction", "1.Abstraction", "{0436A0F4-36E9-4DC7-BCB3-F697D2416CD6}"
EndProject
Project("{2150E333-8FDC-42A3-9474-1A3956D46DE8}") = "1.Abstraction", "1.Abstraction", "{44ED28B2-8A31-415B-AB6A-2734AADC223D}"
EndProject
Project("{2150E333-8FDC-42A3-9474-1A3956D46DE8}") = "1.Abstraction", "1.Abstraction", "{0A6446A6-9802-46E7-9D65-6F2669A7A09B}"
EndProject
Project("{2150E333-8FDC-42A3-9474-1A3956D46DE8}") = "1.Abstraction", "1.Abstraction", "{A4F05701-75ED-4B18-BA5A-9A508503E6C1}"
EndProject
Project("{2150E333-8FDC-42A3-9474-1A3956D46DE8}") = "1.Abstraction", "1.Abstraction", "{EBDC02CB-7900-4BEA-96D8-CA3CD2D11877}"
EndProject
Project("{2150E333-8FDC-42A3-9474-1A3956D46DE8}") = "1.Abstraction", "1.Abstraction", "{CD425F2B-BEE4-45B2-91D3-6C8F1A31CBFC}"
EndProject
Project("{2150E333-8FDC-42A3-9474-1A3956D46DE8}") = "1.Abstraction", "1.Abstraction", "{028557A0-09F4-4FC4-A153-EBE626B55B7B}"
EndProject
Project("{2150E333-8FDC-42A3-9474-1A3956D46DE8}") = "1.Abstraction", "1.Abstraction", "{4143F318-71E6-46B2-8E91-C3156DE78716}"
EndProject
Project("{2150E333-8FDC-42A3-9474-1A3956D46DE8}") = "2.Implementations", "2.Implementations", "{59246A58-AC0B-4DC3-BBD3-0A4BB2FA9C31}"
EndProject
Project("{2150E333-8FDC-42A3-9474-1A3956D46DE8}") = "2.Implementations", "2.Implementations", "{C9684BAB-1085-49C7-A195-57386C8CC730}"
EndProject
Project("{2150E333-8FDC-42A3-9474-1A3956D46DE8}") = "2.Implementations", "2.Implementations", "{70D659F3-A152-403A-84D7-5497B43D380B}"
EndProject
Project("{2150E333-8FDC-42A3-9474-1A3956D46DE8}") = "2.Implementations", "2.Implementations", "{A0B74E9F-ACE7-4222-8762-5729DE787E09}"
EndProject
Project("{2150E333-8FDC-42A3-9474-1A3956D46DE8}") = "2.Implementations", "2.Implementations", "{A3761971-FEB7-425D-9E54-1D55A40FBD44}"
EndProject
Project("{2150E333-8FDC-42A3-9474-1A3956D46DE8}") = "2.Implementations", "2.Implementations", "{5F32DB41-376B-461F-8019-BBEFA4ABD624}"
EndProject
Project("{2150E333-8FDC-42A3-9474-1A3956D46DE8}") = "2.Implementations", "2.Implementations", "{D694407C-2EB7-422A-9D90-ED62D66C005C}"
EndProject
Project("{2150E333-8FDC-42A3-9474-1A3956D46DE8}") = "2.Implementations", "2.Implementations", "{4632242E-82D2-45B8-A667-B6D28ADE9FCB}"
EndProject
Project("{2150E333-8FDC-42A3-9474-1A3956D46DE8}") = "2.Implementations", "2.Implementations", "{C6FF7CB1-2060-4012-81DF-4ECC8D3BF61D}"
EndProject
Project("{2150E333-8FDC-42A3-9474-1A3956D46DE8}") = "3.Application", "3.Application", "{3A4F9F8F-CCC5-4203-B548-2EB98561418F}"
EndProject
Project("{2150E333-8FDC-42A3-9474-1A3956D46DE8}") = "3.Application", "3.Application", "{4228A83B-D66A-4DB6-8F6C-29FD214A8ADD}"
EndProject
Project("{2150E333-8FDC-42A3-9474-1A3956D46DE8}") = "3.Application", "3.Application", "{32DD77B3-CDF8-4DF8-B326-57D961900D2D}"
EndProject
Project("{2150E333-8FDC-42A3-9474-1A3956D46DE8}") = "3.Application", "3.Application", "{19BAFA00-B940-42F1-912D-A7A89E4B1204}"
EndProject
Project("{2150E333-8FDC-42A3-9474-1A3956D46DE8}") = "3.Application", "3.Application", "{62AC180D-9D12-4186-9985-346FF42755DD}"
EndProject
Project("{2150E333-8FDC-42A3-9474-1A3956D46DE8}") = "3.Application", "3.Application", "{88D1A1BA-91AA-43A4-AF85-1060CFC1F768}"
EndProject
Project("{2150E333-8FDC-42A3-9474-1A3956D46DE8}") = "3.Application", "3.Application", "{D5A2D021-5A1B-4D50-ADBA-ACFC667F76EB}"
EndProject
Project("{2150E333-8FDC-42A3-9474-1A3956D46DE8}") = "3.Application", "3.Application", "{B4AB5E94-9D6B-4560-8FE4-A39464E80FDF}"
EndProject
Project("{2150E333-8FDC-42A3-9474-1A3956D46DE8}") = "3.Application", "3.Application", "{9F8A2A3E-3084-47D0-B552-A39B29DC169D}"
EndProject
Project("{9A19103F-16F7-4668-BE54-9A1E7A4F7556}") = "Extensions.Caching.Abstractions", "Caching\1.Abstraction\Extensions.Caching.Abstractions\Extensions.Caching.Abstractions.csproj", "{CCB3CF17-9F73-4E0D-B90D-169648FB05B1}"
EndProject
Project("{9A19103F-16F7-4668-BE54-9A1E7A4F7556}") = "Extensions.ChangeDataLog.Abstractions", "ChangeDataLog\1.Abstraction\Extensions.ChangeDataLog.Abstractions\Extensions.ChangeDataLog.Abstractions.csproj", "{7A4B3212-D0F1-431C-83B9-5C7B7CE099FE}"
EndProject
Project("{9A19103F-16F7-4668-BE54-9A1E7A4F7556}") = "Extensions.DependencyInjection.Abstractions", "DependencyInjection\1.Abstraction\Extensions.DependencyInjection.Abstractions\Extensions.DependencyInjection.Abstractions.csproj", "{392F5EDE-23A3-4F0B-829A-4DF547557CA1}"
EndProject
Project("{9A19103F-16F7-4668-BE54-9A1E7A4F7556}") = "Extensions.Events.Abstractions", "Events\1.Abstraction\Extensions.Events.Abstractions\Extensions.Events.Abstractions.csproj", "{22DC16D9-9882-4CF8-B596-009D9E6A303F}"
EndProject
Project("{9A19103F-16F7-4668-BE54-9A1E7A4F7556}") = "Extensions.Logger.Abstractions", "Logger\1.Abstraction\Extensions.Logger.Abstractions\Extensions.Logger.Abstractions.csproj", "{81DE615F-FDF6-4764-9005-359A73529745}"
EndProject
Project("{9A19103F-16F7-4668-BE54-9A1E7A4F7556}") = "Extensions.MessageBus.Abstractions", "MessageBus\1.Abstraction\Extensions.MessageBus.Abstractions\Extensions.MessageBus.Abstractions.csproj", "{8FA82575-9EDD-44B3-94CF-108A474FAE4C}"
EndProject
Project("{9A19103F-16F7-4668-BE54-9A1E7A4F7556}") = "Extensions.ObjectMappers.Abstractions", "ObjectMappers\1.Abstraction\Extensions.ObjectMappers.Abstractions\Extensions.ObjectMappers.Abstractions.csproj", "{104BB3DC-B46F-41DF-AFE7-763D460C38D9}"
EndProject
Project("{9A19103F-16F7-4668-BE54-9A1E7A4F7556}") = "Extensions.Serializers.Abstractions", "Serializers\1.Abstraction\Extensions.Serializers.Abstractions\Extensions.Serializers.Abstractions.csproj", "{35CD7968-6E12-4D07-B16C-B2FDAC4C7198}"
EndProject
Project("{9A19103F-16F7-4668-BE54-9A1E7A4F7556}") = "Extensions.Translations.Abstractions", "Translations\1.Abstraction\Extensions.Translations.Abstractions\Extensions.Translations.Abstractions.csproj", "{247FAE34-0627-4530-852C-042FD6CF04A0}"
EndProject
Project("{9A19103F-16F7-4668-BE54-9A1E7A4F7556}") = "Extensions.UsersManagement.Abstractions", "UsersManagement\1.Abstraction\Extensions.UsersManagement.Abstractions\Extensions.UsersManagement.Abstractions.csproj", "{5C352AD5-AFE0-4E54-965C-82330F6E6D3F}"
EndProject
Project("{9A19103F-16F7-4668-BE54-9A1E7A4F7556}") = "WebApi.Caching", "Caching\3.Application\WebApi.Caching\WebApi.Caching.csproj", "{2A7C8B09-D43B-41CE-9A43-9391D6974AD5}"
EndProject
Project("{9A19103F-16F7-4668-BE54-9A1E7A4F7556}") = "Extensions.Caching.Distributed.Redis", "Caching\2.Implementations\Extensions.Caching.Distributed.Redis\Extensions.Caching.Distributed.Redis.csproj", "{EA2B53BA-A276-4655-8AC7-FB026AC71D56}"
EndProject
Project("{9A19103F-16F7-4668-BE54-9A1E7A4F7556}") = "Extensions.Caching.Distributed.Sql", "Caching\2.Implementations\Extensions.Caching.Distributed.Sql\Extensions.Caching.Distributed.Sql.csproj", "{DE991E38-B642-42B5-9383-403FEA82A0D8}"
EndProject
Project("{9A19103F-16F7-4668-BE54-9A1E7A4F7556}") = "Extensions.Caching.InMemory", "Caching\2.Implementations\Extensions.Caching.InMemory\Extensions.Caching.InMemory.csproj", "{F6FEE5EE-BCE0-483F-AED5-DDA77CB72AB7}"
EndProject
Project("{9A19103F-16F7-4668-BE54-9A1E7A4F7556}") = "Extensions.ChangeDataLog.Hamster", "ChangeDataLog\2.Implementations\Extensions.ChangeDataLog.Hamster\Extensions.ChangeDataLog.Hamster.csproj", "{05F8CBFA-A4E2-49C5-86EE-9646DEBFDD59}"
EndProject
Project("{9A19103F-16F7-4668-BE54-9A1E7A4F7556}") = "Extensions.ChangeDataLog.Sql", "ChangeDataLog\2.Implementations\Extensions.ChangeDataLog.Sql\Extensions.ChangeDataLog.Sql.csproj", "{D35746F0-41A5-40E6-BDFF-E30CBAE429DD}"
EndProject
Project("{9A19103F-16F7-4668-BE54-9A1E7A4F7556}") = "WebApi.ChangeDataLog", "ChangeDataLog\3.Application\WebApi.ChangeDataLog\WebApi.ChangeDataLog.csproj", "{AF5272E9-BA96-4FA1-BC4F-B6B7E498D720}"
EndProject
Project("{9A19103F-16F7-4668-BE54-9A1E7A4F7556}") = "Extensions.DependencyInjection", "DependencyInjection\2.Implementations\Extensions.DependencyInjection\Extensions.DependencyInjection.csproj", "{CDD42E56-4297-473C-85F0-EF57C9A06581}"
EndProject
Project("{9A19103F-16F7-4668-BE54-9A1E7A4F7556}") = "WebApi.DependencyInjection", "DependencyInjection\3.Application\WebApi.DependencyInjection\WebApi.DependencyInjection.csproj", "{9BF88058-335C-45C8-9EFE-0FB86EDBD1BC}"
EndProject
Project("{9A19103F-16F7-4668-BE54-9A1E7A4F7556}") = "Extensions.Events.Outbox", "Events\2.Implementations\Extensions.Events.Outbox\Extensions.Events.Outbox.csproj", "{95B282F1-D1BB-44EF-9D1A-008543DD8233}"
EndProject
Project("{9A19103F-16F7-4668-BE54-9A1E7A4F7556}") = "Extensions.Events.PollingPublisher", "Events\2.Implementations\Extensions.Events.PollingPublisher\Extensions.Events.PollingPublisher.csproj", "{BA1FD594-3964-43A2-A679-95CE387B9265}"
EndProject
Project("{9A19103F-16F7-4668-BE54-9A1E7A4F7556}") = "Extensions.Events.PollingPublisher.Dal.Dapper", "Events\2.Implementations\Extensions.Events.PollingPublisher.Dal.Dapper\Extensions.Events.PollingPublisher.Dal.Dapper.csproj", "{31AD6ED1-BE7B-486C-AF55-EB1025121DB4}"
EndProject
Project("{9A19103F-16F7-4668-BE54-9A1E7A4F7556}") = "WebApi.EventPatterns", "Events\3.Application\WebApi.EventPatterns\WebApi.EventPatterns.csproj", "{8F5DD80B-0EDB-4D80-8AB3-ED3DFC038D16}"
EndProject
Project("{9A19103F-16F7-4668-BE54-9A1E7A4F7556}") = "Extensions.Logger.Serilog", "Logger\2.Implementations\Extensions.Logger.Serilog\Extensions.Logger.Serilog.csproj", "{3E6904D1-9C3B-40C9-BB2A-8C8CBBA66997}"
EndProject
Project("{9A19103F-16F7-4668-BE54-9A1E7A4F7556}") = "Extensions.Logger.NLog", "Logger\2.Implementations\Extensions.Logger.NLog\Extensions.Logger.NLog.csproj", "{CA57EA31-C69E-4CE1-B2E5-F63C1F61C0C3}"
EndProject
Project("{9A19103F-16F7-4668-BE54-9A1E7A4F7556}") = "Extensions.Logger.Log4Net", "Logger\2.Implementations\Extensions.Logger.Log4Net\Extensions.Logger.Log4Net.csproj", "{6794082F-6A8D-4A70-A715-E84C4A6C32E9}"
EndProject
Project("{9A19103F-16F7-4668-BE54-9A1E7A4F7556}") = "WebApi.Logger", "Logger\3.Application\WebApi.Logger\WebApi.Logger.csproj", "{000D7214-C65A-4F61-8D6D-37FE75C07E98}"
EndProject
Project("{2150E333-8FDC-42A3-9474-1A3956D46DE8}") = "MessageInbox", "MessageInbox", "{F46A09DA-A8A8-4C7B-816E-A089BC24B3C8}"
EndProject
Project("{2150E333-8FDC-42A3-9474-1A3956D46DE8}") = "RabbitMQ", "RabbitMQ", "{947B4F33-89EB-4D53-A650-0F4C1A53F660}"
EndProject
Project("{9A19103F-16F7-4668-BE54-9A1E7A4F7556}") = "Extensions.MessageBus.MessageInbox", "MessageBus\2.Implementations\MessageInbox\Extensions.MessageBus.MessageInbox\Extensions.MessageBus.MessageInbox.csproj", "{9DE0F373-44A1-49DD-B22A-AFC92B878E89}"
EndProject
Project("{9A19103F-16F7-4668-BE54-9A1E7A4F7556}") = "Extensions.MessageBus.MessageInbox.Dal.Dapper", "MessageBus\2.Implementations\MessageInbox\Extensions.MessageBus.MessageInbox.Dal.Dapper\Extensions.MessageBus.MessageInbox.Dal.Dapper.csproj", "{8A111C12-3EC2-4540-B262-820334A5D1B4}"
EndProject
Project("{9A19103F-16F7-4668-BE54-9A1E7A4F7556}") = "Extensions.MessageBus.RabbitMQ", "MessageBus\2.Implementations\RabbitMQ\Extensions.MessageBus.RabbitMQ\Extensions.MessageBus.RabbitMQ.csproj", "{A2317E65-5870-44F7-9A72-16CAB63B37B9}"
EndProject
Project("{9A19103F-16F7-4668-BE54-9A1E7A4F7556}") = "WebApi.MessageBus", "MessageBus\3.Application\WebApi.MessageBus\WebApi.MessageBus.csproj", "{3EFCC75B-D209-44C4-8652-1E8AF308CDC1}"
EndProject
Project("{9A19103F-16F7-4668-BE54-9A1E7A4F7556}") = "Extensions.ObjectMappers.AutoMapper", "ObjectMappers\2.Implementations\Extensions.ObjectMappers.AutoMapper\Extensions.ObjectMappers.AutoMapper.csproj", "{2DB9D79D-C88E-4DEF-8D72-51DB65F0F51C}"
EndProject
Project("{9A19103F-16F7-4668-BE54-9A1E7A4F7556}") = "WebApi.ObjectMappers", "ObjectMappers\3.Application\WebApi.ObjectMappers\WebApi.ObjectMappers.csproj", "{3EB92E50-A70A-4B2C-B4C4-58270105642D}"
EndProject
Project("{9A19103F-16F7-4668-BE54-9A1E7A4F7556}") = "Extensions.Serializers.EPPlus", "Serializers\2.Implementations\Extensions.Serializers.EPPlus\Extensions.Serializers.EPPlus.csproj", "{B3787C39-3E88-4609-B78A-642554C01B51}"
EndProject
Project("{9A19103F-16F7-4668-BE54-9A1E7A4F7556}") = "Extensions.Serializers.Microsoft", "Serializers\2.Implementations\Extensions.Serializers.Microsoft\Extensions.Serializers.Microsoft.csproj", "{3BCB9600-0B43-4529-9FDD-E791CD38E0A0}"
EndProject
Project("{9A19103F-16F7-4668-BE54-9A1E7A4F7556}") = "Extensions.Serializers.NewtonSoft", "Serializers\2.Implementations\Extensions.Serializers.NewtonSoft\Extensions.Serializers.NewtonSoft.csproj", "{ECD4DE72-B435-4DA8-BF9F-A030A786845D}"
EndProject
Project("{9A19103F-16F7-4668-BE54-9A1E7A4F7556}") = "WebApi.Serializers", "Serializers\3.Application\WebApi.Serializers\WebApi.Serializers.csproj", "{9E7CBA2F-3774-4DE3-AED9-AEDAF758CB46}"
EndProject
Project("{9A19103F-16F7-4668-BE54-9A1E7A4F7556}") = "Extensions.Translations.Parrot", "Translations\2.Implementations\Extensions.Translations.Parrot\Extensions.Translations.Parrot.csproj", "{5DC55CFE-61B8-473F-BC3F-CF0D6E81351C}"
EndProject
Project("{9A19103F-16F7-4668-BE54-9A1E7A4F7556}") = "WebApi.Translations", "Translations\3.Application\WebApi.Translations\WebApi.Translations.csproj", "{37E0BBEE-9812-4AAC-8407-FB2BE851B10A}"
EndProject
Project("{9A19103F-16F7-4668-BE54-9A1E7A4F7556}") = "Extensions.UsersManagement", "UsersManagement\2.Implementations\Extensions.UsersManagement\Extensions.UsersManagement.csproj", "{F6F073D1-3D27-4C59-950D-8177CBE21775}"
EndProject
Project("{9A19103F-16F7-4668-BE54-9A1E7A4F7556}") = "WebApi.UsersManagement", "UsersManagement\3.Application\WebApi.UsersManagement\WebApi.UsersManagement.csproj", "{A0D4575B-80E3-4D77-8EEA-6E9C688EB1A5}"
EndProject
Project("{2150E333-8FDC-42A3-9474-1A3956D46DE8}") = "Extensions", "Extensions", "{40F8F662-F92A-4A89-B63B-1C9220E24B30}"
EndProject
Project("{9A19103F-16F7-4668-BE54-9A1E7A4F7556}") = "Utilities.Extensions", "Extensions\Utilities.Extensions\Utilities.Extensions.csproj", "{9E7B840E-7D44-4B4C-8EB0-1B09AD597739}"
EndProject
Project("{2150E333-8FDC-42A3-9474-1A3956D46DE8}") = "MediatR", "MediatR", "{E4171AF9-B561-4FBE-9D84-1F93DBCA8167}"
EndProject
Project("{2150E333-8FDC-42A3-9474-1A3956D46DE8}") = "1.Abstraction", "1.Abstraction", "{0C8F2299-40A1-480E-99CE-31A4D904596F}"
EndProject
Project("{2150E333-8FDC-42A3-9474-1A3956D46DE8}") = "2.Implementations", "2.Implementations", "{4272B2CE-A2CA-483F-9474-14F2B1401CDF}"
EndProject
Project("{2150E333-8FDC-42A3-9474-1A3956D46DE8}") = "3.Application", "3.Application", "{72613FA5-1E6F-4231-8B79-5E3B2CCAC959}"
EndProject
Project("{9A19103F-16F7-4668-BE54-9A1E7A4F7556}") = "MediateR.Abstractions", "MediatR\1.Abstraction\MediateR.Abstractions\MediateR.Abstractions.csproj", "{397FB585-6093-40CF-A54E-2EFAC156369C}"
EndProject
Project("{2150E333-8FDC-42A3-9474-1A3956D46DE8}") = "DatabaseModelScaffold", "DatabaseModelScaffold", "{D2B69F56-7D4A-417B-8E1E-C92BA8BE538C}"
EndProject
Project("{2150E333-8FDC-42A3-9474-1A3956D46DE8}") = "ConsoleApplication", "ConsoleApplication", "{FD3AED63-C614-4D5E-B215-E796793BBC6D}"
EndProject
Project("{9A19103F-16F7-4668-BE54-9A1E7A4F7556}") = "DatabaseModelScaffold", "DatabaseModelScaffold\ConsoleApplication\DatabaseModelScaffold\DatabaseModelScaffold.csproj", "{238E0928-871E-4EBE-BA90-27DE7F91BEB6}"
EndProject
Project("{2150E333-8FDC-42A3-9474-1A3956D46DE8}") = "ApiApplication", "ApiApplication", "{D326973D-59DA-4672-B93B-2083474682FD}"
EndProject
Project("{9A19103F-16F7-4668-BE54-9A1E7A4F7556}") = "DatabaseModelScaffold", "DatabaseModelScaffold\ApiApplication\DatabaseModelScaffold\DatabaseModelScaffold.csproj", "{BC4801D2-926E-4AC4-9CA7-EAC46BF12349}"
EndProject
Project("{FAE04EC0-301F-11D3-BF4B-00C04F79EFBC}") = "MediateR.Extensions", "MediatR\2.Implementations\MediateR.Extensions\MediateR.Extensions.csproj", "{BDCD4CAF-B3DA-4986-9AF5-30728263260F}"
EndProject
Global
	GlobalSection(SolutionConfigurationPlatforms) = preSolution
		Debug|Any CPU = Debug|Any CPU
		Release|Any CPU = Release|Any CPU
	EndGlobalSection
	GlobalSection(ProjectConfigurationPlatforms) = postSolution
		{CCB3CF17-9F73-4E0D-B90D-169648FB05B1}.Debug|Any CPU.ActiveCfg = Debug|Any CPU
		{CCB3CF17-9F73-4E0D-B90D-169648FB05B1}.Debug|Any CPU.Build.0 = Debug|Any CPU
		{CCB3CF17-9F73-4E0D-B90D-169648FB05B1}.Release|Any CPU.ActiveCfg = Release|Any CPU
		{CCB3CF17-9F73-4E0D-B90D-169648FB05B1}.Release|Any CPU.Build.0 = Release|Any CPU
		{7A4B3212-D0F1-431C-83B9-5C7B7CE099FE}.Debug|Any CPU.ActiveCfg = Debug|Any CPU
		{7A4B3212-D0F1-431C-83B9-5C7B7CE099FE}.Debug|Any CPU.Build.0 = Debug|Any CPU
		{7A4B3212-D0F1-431C-83B9-5C7B7CE099FE}.Release|Any CPU.ActiveCfg = Release|Any CPU
		{7A4B3212-D0F1-431C-83B9-5C7B7CE099FE}.Release|Any CPU.Build.0 = Release|Any CPU
		{392F5EDE-23A3-4F0B-829A-4DF547557CA1}.Debug|Any CPU.ActiveCfg = Debug|Any CPU
		{392F5EDE-23A3-4F0B-829A-4DF547557CA1}.Debug|Any CPU.Build.0 = Debug|Any CPU
		{392F5EDE-23A3-4F0B-829A-4DF547557CA1}.Release|Any CPU.ActiveCfg = Release|Any CPU
		{392F5EDE-23A3-4F0B-829A-4DF547557CA1}.Release|Any CPU.Build.0 = Release|Any CPU
		{22DC16D9-9882-4CF8-B596-009D9E6A303F}.Debug|Any CPU.ActiveCfg = Debug|Any CPU
		{22DC16D9-9882-4CF8-B596-009D9E6A303F}.Debug|Any CPU.Build.0 = Debug|Any CPU
		{22DC16D9-9882-4CF8-B596-009D9E6A303F}.Release|Any CPU.ActiveCfg = Release|Any CPU
		{22DC16D9-9882-4CF8-B596-009D9E6A303F}.Release|Any CPU.Build.0 = Release|Any CPU
		{81DE615F-FDF6-4764-9005-359A73529745}.Debug|Any CPU.ActiveCfg = Debug|Any CPU
		{81DE615F-FDF6-4764-9005-359A73529745}.Debug|Any CPU.Build.0 = Debug|Any CPU
		{81DE615F-FDF6-4764-9005-359A73529745}.Release|Any CPU.ActiveCfg = Release|Any CPU
		{81DE615F-FDF6-4764-9005-359A73529745}.Release|Any CPU.Build.0 = Release|Any CPU
		{8FA82575-9EDD-44B3-94CF-108A474FAE4C}.Debug|Any CPU.ActiveCfg = Debug|Any CPU
		{8FA82575-9EDD-44B3-94CF-108A474FAE4C}.Debug|Any CPU.Build.0 = Debug|Any CPU
		{8FA82575-9EDD-44B3-94CF-108A474FAE4C}.Release|Any CPU.ActiveCfg = Release|Any CPU
		{8FA82575-9EDD-44B3-94CF-108A474FAE4C}.Release|Any CPU.Build.0 = Release|Any CPU
		{104BB3DC-B46F-41DF-AFE7-763D460C38D9}.Debug|Any CPU.ActiveCfg = Debug|Any CPU
		{104BB3DC-B46F-41DF-AFE7-763D460C38D9}.Debug|Any CPU.Build.0 = Debug|Any CPU
		{104BB3DC-B46F-41DF-AFE7-763D460C38D9}.Release|Any CPU.ActiveCfg = Release|Any CPU
		{104BB3DC-B46F-41DF-AFE7-763D460C38D9}.Release|Any CPU.Build.0 = Release|Any CPU
		{35CD7968-6E12-4D07-B16C-B2FDAC4C7198}.Debug|Any CPU.ActiveCfg = Debug|Any CPU
		{35CD7968-6E12-4D07-B16C-B2FDAC4C7198}.Debug|Any CPU.Build.0 = Debug|Any CPU
		{35CD7968-6E12-4D07-B16C-B2FDAC4C7198}.Release|Any CPU.ActiveCfg = Release|Any CPU
		{35CD7968-6E12-4D07-B16C-B2FDAC4C7198}.Release|Any CPU.Build.0 = Release|Any CPU
		{247FAE34-0627-4530-852C-042FD6CF04A0}.Debug|Any CPU.ActiveCfg = Debug|Any CPU
		{247FAE34-0627-4530-852C-042FD6CF04A0}.Debug|Any CPU.Build.0 = Debug|Any CPU
		{247FAE34-0627-4530-852C-042FD6CF04A0}.Release|Any CPU.ActiveCfg = Release|Any CPU
		{247FAE34-0627-4530-852C-042FD6CF04A0}.Release|Any CPU.Build.0 = Release|Any CPU
		{5C352AD5-AFE0-4E54-965C-82330F6E6D3F}.Debug|Any CPU.ActiveCfg = Debug|Any CPU
		{5C352AD5-AFE0-4E54-965C-82330F6E6D3F}.Debug|Any CPU.Build.0 = Debug|Any CPU
		{5C352AD5-AFE0-4E54-965C-82330F6E6D3F}.Release|Any CPU.ActiveCfg = Release|Any CPU
		{5C352AD5-AFE0-4E54-965C-82330F6E6D3F}.Release|Any CPU.Build.0 = Release|Any CPU
		{2A7C8B09-D43B-41CE-9A43-9391D6974AD5}.Debug|Any CPU.ActiveCfg = Debug|Any CPU
		{2A7C8B09-D43B-41CE-9A43-9391D6974AD5}.Debug|Any CPU.Build.0 = Debug|Any CPU
		{2A7C8B09-D43B-41CE-9A43-9391D6974AD5}.Release|Any CPU.ActiveCfg = Release|Any CPU
		{2A7C8B09-D43B-41CE-9A43-9391D6974AD5}.Release|Any CPU.Build.0 = Release|Any CPU
		{EA2B53BA-A276-4655-8AC7-FB026AC71D56}.Debug|Any CPU.ActiveCfg = Debug|Any CPU
		{EA2B53BA-A276-4655-8AC7-FB026AC71D56}.Debug|Any CPU.Build.0 = Debug|Any CPU
		{EA2B53BA-A276-4655-8AC7-FB026AC71D56}.Release|Any CPU.ActiveCfg = Release|Any CPU
		{EA2B53BA-A276-4655-8AC7-FB026AC71D56}.Release|Any CPU.Build.0 = Release|Any CPU
		{DE991E38-B642-42B5-9383-403FEA82A0D8}.Debug|Any CPU.ActiveCfg = Debug|Any CPU
		{DE991E38-B642-42B5-9383-403FEA82A0D8}.Debug|Any CPU.Build.0 = Debug|Any CPU
		{DE991E38-B642-42B5-9383-403FEA82A0D8}.Release|Any CPU.ActiveCfg = Release|Any CPU
		{DE991E38-B642-42B5-9383-403FEA82A0D8}.Release|Any CPU.Build.0 = Release|Any CPU
		{F6FEE5EE-BCE0-483F-AED5-DDA77CB72AB7}.Debug|Any CPU.ActiveCfg = Debug|Any CPU
		{F6FEE5EE-BCE0-483F-AED5-DDA77CB72AB7}.Debug|Any CPU.Build.0 = Debug|Any CPU
		{F6FEE5EE-BCE0-483F-AED5-DDA77CB72AB7}.Release|Any CPU.ActiveCfg = Release|Any CPU
		{F6FEE5EE-BCE0-483F-AED5-DDA77CB72AB7}.Release|Any CPU.Build.0 = Release|Any CPU
		{05F8CBFA-A4E2-49C5-86EE-9646DEBFDD59}.Debug|Any CPU.ActiveCfg = Debug|Any CPU
		{05F8CBFA-A4E2-49C5-86EE-9646DEBFDD59}.Debug|Any CPU.Build.0 = Debug|Any CPU
		{05F8CBFA-A4E2-49C5-86EE-9646DEBFDD59}.Release|Any CPU.ActiveCfg = Release|Any CPU
		{05F8CBFA-A4E2-49C5-86EE-9646DEBFDD59}.Release|Any CPU.Build.0 = Release|Any CPU
		{D35746F0-41A5-40E6-BDFF-E30CBAE429DD}.Debug|Any CPU.ActiveCfg = Debug|Any CPU
		{D35746F0-41A5-40E6-BDFF-E30CBAE429DD}.Debug|Any CPU.Build.0 = Debug|Any CPU
		{D35746F0-41A5-40E6-BDFF-E30CBAE429DD}.Release|Any CPU.ActiveCfg = Release|Any CPU
		{D35746F0-41A5-40E6-BDFF-E30CBAE429DD}.Release|Any CPU.Build.0 = Release|Any CPU
		{AF5272E9-BA96-4FA1-BC4F-B6B7E498D720}.Debug|Any CPU.ActiveCfg = Debug|Any CPU
		{AF5272E9-BA96-4FA1-BC4F-B6B7E498D720}.Debug|Any CPU.Build.0 = Debug|Any CPU
		{AF5272E9-BA96-4FA1-BC4F-B6B7E498D720}.Release|Any CPU.ActiveCfg = Release|Any CPU
		{AF5272E9-BA96-4FA1-BC4F-B6B7E498D720}.Release|Any CPU.Build.0 = Release|Any CPU
		{CDD42E56-4297-473C-85F0-EF57C9A06581}.Debug|Any CPU.ActiveCfg = Debug|Any CPU
		{CDD42E56-4297-473C-85F0-EF57C9A06581}.Debug|Any CPU.Build.0 = Debug|Any CPU
		{CDD42E56-4297-473C-85F0-EF57C9A06581}.Release|Any CPU.ActiveCfg = Release|Any CPU
		{CDD42E56-4297-473C-85F0-EF57C9A06581}.Release|Any CPU.Build.0 = Release|Any CPU
		{9BF88058-335C-45C8-9EFE-0FB86EDBD1BC}.Debug|Any CPU.ActiveCfg = Debug|Any CPU
		{9BF88058-335C-45C8-9EFE-0FB86EDBD1BC}.Debug|Any CPU.Build.0 = Debug|Any CPU
		{9BF88058-335C-45C8-9EFE-0FB86EDBD1BC}.Release|Any CPU.ActiveCfg = Release|Any CPU
		{9BF88058-335C-45C8-9EFE-0FB86EDBD1BC}.Release|Any CPU.Build.0 = Release|Any CPU
		{95B282F1-D1BB-44EF-9D1A-008543DD8233}.Debug|Any CPU.ActiveCfg = Debug|Any CPU
		{95B282F1-D1BB-44EF-9D1A-008543DD8233}.Debug|Any CPU.Build.0 = Debug|Any CPU
		{95B282F1-D1BB-44EF-9D1A-008543DD8233}.Release|Any CPU.ActiveCfg = Release|Any CPU
		{95B282F1-D1BB-44EF-9D1A-008543DD8233}.Release|Any CPU.Build.0 = Release|Any CPU
		{BA1FD594-3964-43A2-A679-95CE387B9265}.Debug|Any CPU.ActiveCfg = Debug|Any CPU
		{BA1FD594-3964-43A2-A679-95CE387B9265}.Debug|Any CPU.Build.0 = Debug|Any CPU
		{BA1FD594-3964-43A2-A679-95CE387B9265}.Release|Any CPU.ActiveCfg = Release|Any CPU
		{BA1FD594-3964-43A2-A679-95CE387B9265}.Release|Any CPU.Build.0 = Release|Any CPU
		{31AD6ED1-BE7B-486C-AF55-EB1025121DB4}.Debug|Any CPU.ActiveCfg = Debug|Any CPU
		{31AD6ED1-BE7B-486C-AF55-EB1025121DB4}.Debug|Any CPU.Build.0 = Debug|Any CPU
		{31AD6ED1-BE7B-486C-AF55-EB1025121DB4}.Release|Any CPU.ActiveCfg = Release|Any CPU
		{31AD6ED1-BE7B-486C-AF55-EB1025121DB4}.Release|Any CPU.Build.0 = Release|Any CPU
		{8F5DD80B-0EDB-4D80-8AB3-ED3DFC038D16}.Debug|Any CPU.ActiveCfg = Debug|Any CPU
		{8F5DD80B-0EDB-4D80-8AB3-ED3DFC038D16}.Debug|Any CPU.Build.0 = Debug|Any CPU
		{8F5DD80B-0EDB-4D80-8AB3-ED3DFC038D16}.Release|Any CPU.ActiveCfg = Release|Any CPU
		{8F5DD80B-0EDB-4D80-8AB3-ED3DFC038D16}.Release|Any CPU.Build.0 = Release|Any CPU
		{3E6904D1-9C3B-40C9-BB2A-8C8CBBA66997}.Debug|Any CPU.ActiveCfg = Debug|Any CPU
		{3E6904D1-9C3B-40C9-BB2A-8C8CBBA66997}.Debug|Any CPU.Build.0 = Debug|Any CPU
		{3E6904D1-9C3B-40C9-BB2A-8C8CBBA66997}.Release|Any CPU.ActiveCfg = Release|Any CPU
		{3E6904D1-9C3B-40C9-BB2A-8C8CBBA66997}.Release|Any CPU.Build.0 = Release|Any CPU
		{CA57EA31-C69E-4CE1-B2E5-F63C1F61C0C3}.Debug|Any CPU.ActiveCfg = Debug|Any CPU
		{CA57EA31-C69E-4CE1-B2E5-F63C1F61C0C3}.Debug|Any CPU.Build.0 = Debug|Any CPU
		{CA57EA31-C69E-4CE1-B2E5-F63C1F61C0C3}.Release|Any CPU.ActiveCfg = Release|Any CPU
		{CA57EA31-C69E-4CE1-B2E5-F63C1F61C0C3}.Release|Any CPU.Build.0 = Release|Any CPU
		{6794082F-6A8D-4A70-A715-E84C4A6C32E9}.Debug|Any CPU.ActiveCfg = Debug|Any CPU
		{6794082F-6A8D-4A70-A715-E84C4A6C32E9}.Debug|Any CPU.Build.0 = Debug|Any CPU
		{6794082F-6A8D-4A70-A715-E84C4A6C32E9}.Release|Any CPU.ActiveCfg = Release|Any CPU
		{6794082F-6A8D-4A70-A715-E84C4A6C32E9}.Release|Any CPU.Build.0 = Release|Any CPU
		{000D7214-C65A-4F61-8D6D-37FE75C07E98}.Debug|Any CPU.ActiveCfg = Debug|Any CPU
		{000D7214-C65A-4F61-8D6D-37FE75C07E98}.Debug|Any CPU.Build.0 = Debug|Any CPU
		{000D7214-C65A-4F61-8D6D-37FE75C07E98}.Release|Any CPU.ActiveCfg = Release|Any CPU
		{000D7214-C65A-4F61-8D6D-37FE75C07E98}.Release|Any CPU.Build.0 = Release|Any CPU
		{9DE0F373-44A1-49DD-B22A-AFC92B878E89}.Debug|Any CPU.ActiveCfg = Debug|Any CPU
		{9DE0F373-44A1-49DD-B22A-AFC92B878E89}.Debug|Any CPU.Build.0 = Debug|Any CPU
		{9DE0F373-44A1-49DD-B22A-AFC92B878E89}.Release|Any CPU.ActiveCfg = Release|Any CPU
		{9DE0F373-44A1-49DD-B22A-AFC92B878E89}.Release|Any CPU.Build.0 = Release|Any CPU
		{8A111C12-3EC2-4540-B262-820334A5D1B4}.Debug|Any CPU.ActiveCfg = Debug|Any CPU
		{8A111C12-3EC2-4540-B262-820334A5D1B4}.Debug|Any CPU.Build.0 = Debug|Any CPU
		{8A111C12-3EC2-4540-B262-820334A5D1B4}.Release|Any CPU.ActiveCfg = Release|Any CPU
		{8A111C12-3EC2-4540-B262-820334A5D1B4}.Release|Any CPU.Build.0 = Release|Any CPU
		{A2317E65-5870-44F7-9A72-16CAB63B37B9}.Debug|Any CPU.ActiveCfg = Debug|Any CPU
		{A2317E65-5870-44F7-9A72-16CAB63B37B9}.Debug|Any CPU.Build.0 = Debug|Any CPU
		{A2317E65-5870-44F7-9A72-16CAB63B37B9}.Release|Any CPU.ActiveCfg = Release|Any CPU
		{A2317E65-5870-44F7-9A72-16CAB63B37B9}.Release|Any CPU.Build.0 = Release|Any CPU
		{3EFCC75B-D209-44C4-8652-1E8AF308CDC1}.Debug|Any CPU.ActiveCfg = Debug|Any CPU
		{3EFCC75B-D209-44C4-8652-1E8AF308CDC1}.Debug|Any CPU.Build.0 = Debug|Any CPU
		{3EFCC75B-D209-44C4-8652-1E8AF308CDC1}.Release|Any CPU.ActiveCfg = Release|Any CPU
		{3EFCC75B-D209-44C4-8652-1E8AF308CDC1}.Release|Any CPU.Build.0 = Release|Any CPU
		{2DB9D79D-C88E-4DEF-8D72-51DB65F0F51C}.Debug|Any CPU.ActiveCfg = Debug|Any CPU
		{2DB9D79D-C88E-4DEF-8D72-51DB65F0F51C}.Debug|Any CPU.Build.0 = Debug|Any CPU
		{2DB9D79D-C88E-4DEF-8D72-51DB65F0F51C}.Release|Any CPU.ActiveCfg = Release|Any CPU
		{2DB9D79D-C88E-4DEF-8D72-51DB65F0F51C}.Release|Any CPU.Build.0 = Release|Any CPU
		{3EB92E50-A70A-4B2C-B4C4-58270105642D}.Debug|Any CPU.ActiveCfg = Debug|Any CPU
		{3EB92E50-A70A-4B2C-B4C4-58270105642D}.Debug|Any CPU.Build.0 = Debug|Any CPU
		{3EB92E50-A70A-4B2C-B4C4-58270105642D}.Release|Any CPU.ActiveCfg = Release|Any CPU
		{3EB92E50-A70A-4B2C-B4C4-58270105642D}.Release|Any CPU.Build.0 = Release|Any CPU
		{B3787C39-3E88-4609-B78A-642554C01B51}.Debug|Any CPU.ActiveCfg = Debug|Any CPU
		{B3787C39-3E88-4609-B78A-642554C01B51}.Debug|Any CPU.Build.0 = Debug|Any CPU
		{B3787C39-3E88-4609-B78A-642554C01B51}.Release|Any CPU.ActiveCfg = Release|Any CPU
		{B3787C39-3E88-4609-B78A-642554C01B51}.Release|Any CPU.Build.0 = Release|Any CPU
		{3BCB9600-0B43-4529-9FDD-E791CD38E0A0}.Debug|Any CPU.ActiveCfg = Debug|Any CPU
		{3BCB9600-0B43-4529-9FDD-E791CD38E0A0}.Debug|Any CPU.Build.0 = Debug|Any CPU
		{3BCB9600-0B43-4529-9FDD-E791CD38E0A0}.Release|Any CPU.ActiveCfg = Release|Any CPU
		{3BCB9600-0B43-4529-9FDD-E791CD38E0A0}.Release|Any CPU.Build.0 = Release|Any CPU
		{ECD4DE72-B435-4DA8-BF9F-A030A786845D}.Debug|Any CPU.ActiveCfg = Debug|Any CPU
		{ECD4DE72-B435-4DA8-BF9F-A030A786845D}.Debug|Any CPU.Build.0 = Debug|Any CPU
		{ECD4DE72-B435-4DA8-BF9F-A030A786845D}.Release|Any CPU.ActiveCfg = Release|Any CPU
		{ECD4DE72-B435-4DA8-BF9F-A030A786845D}.Release|Any CPU.Build.0 = Release|Any CPU
		{9E7CBA2F-3774-4DE3-AED9-AEDAF758CB46}.Debug|Any CPU.ActiveCfg = Debug|Any CPU
		{9E7CBA2F-3774-4DE3-AED9-AEDAF758CB46}.Debug|Any CPU.Build.0 = Debug|Any CPU
		{9E7CBA2F-3774-4DE3-AED9-AEDAF758CB46}.Release|Any CPU.ActiveCfg = Release|Any CPU
		{9E7CBA2F-3774-4DE3-AED9-AEDAF758CB46}.Release|Any CPU.Build.0 = Release|Any CPU
		{5DC55CFE-61B8-473F-BC3F-CF0D6E81351C}.Debug|Any CPU.ActiveCfg = Debug|Any CPU
		{5DC55CFE-61B8-473F-BC3F-CF0D6E81351C}.Debug|Any CPU.Build.0 = Debug|Any CPU
		{5DC55CFE-61B8-473F-BC3F-CF0D6E81351C}.Release|Any CPU.ActiveCfg = Release|Any CPU
		{5DC55CFE-61B8-473F-BC3F-CF0D6E81351C}.Release|Any CPU.Build.0 = Release|Any CPU
		{37E0BBEE-9812-4AAC-8407-FB2BE851B10A}.Debug|Any CPU.ActiveCfg = Debug|Any CPU
		{37E0BBEE-9812-4AAC-8407-FB2BE851B10A}.Debug|Any CPU.Build.0 = Debug|Any CPU
		{37E0BBEE-9812-4AAC-8407-FB2BE851B10A}.Release|Any CPU.ActiveCfg = Release|Any CPU
		{37E0BBEE-9812-4AAC-8407-FB2BE851B10A}.Release|Any CPU.Build.0 = Release|Any CPU
		{F6F073D1-3D27-4C59-950D-8177CBE21775}.Debug|Any CPU.ActiveCfg = Debug|Any CPU
		{F6F073D1-3D27-4C59-950D-8177CBE21775}.Debug|Any CPU.Build.0 = Debug|Any CPU
		{F6F073D1-3D27-4C59-950D-8177CBE21775}.Release|Any CPU.ActiveCfg = Release|Any CPU
		{F6F073D1-3D27-4C59-950D-8177CBE21775}.Release|Any CPU.Build.0 = Release|Any CPU
		{A0D4575B-80E3-4D77-8EEA-6E9C688EB1A5}.Debug|Any CPU.ActiveCfg = Debug|Any CPU
		{A0D4575B-80E3-4D77-8EEA-6E9C688EB1A5}.Debug|Any CPU.Build.0 = Debug|Any CPU
		{A0D4575B-80E3-4D77-8EEA-6E9C688EB1A5}.Release|Any CPU.ActiveCfg = Release|Any CPU
		{A0D4575B-80E3-4D77-8EEA-6E9C688EB1A5}.Release|Any CPU.Build.0 = Release|Any CPU
		{9E7B840E-7D44-4B4C-8EB0-1B09AD597739}.Debug|Any CPU.ActiveCfg = Debug|Any CPU
		{9E7B840E-7D44-4B4C-8EB0-1B09AD597739}.Debug|Any CPU.Build.0 = Debug|Any CPU
		{9E7B840E-7D44-4B4C-8EB0-1B09AD597739}.Release|Any CPU.ActiveCfg = Release|Any CPU
		{9E7B840E-7D44-4B4C-8EB0-1B09AD597739}.Release|Any CPU.Build.0 = Release|Any CPU
		{397FB585-6093-40CF-A54E-2EFAC156369C}.Debug|Any CPU.ActiveCfg = Debug|Any CPU
		{397FB585-6093-40CF-A54E-2EFAC156369C}.Debug|Any CPU.Build.0 = Debug|Any CPU
		{397FB585-6093-40CF-A54E-2EFAC156369C}.Release|Any CPU.ActiveCfg = Release|Any CPU
		{397FB585-6093-40CF-A54E-2EFAC156369C}.Release|Any CPU.Build.0 = Release|Any CPU
		{238E0928-871E-4EBE-BA90-27DE7F91BEB6}.Debug|Any CPU.ActiveCfg = Debug|Any CPU
		{238E0928-871E-4EBE-BA90-27DE7F91BEB6}.Debug|Any CPU.Build.0 = Debug|Any CPU
		{238E0928-871E-4EBE-BA90-27DE7F91BEB6}.Release|Any CPU.ActiveCfg = Release|Any CPU
		{238E0928-871E-4EBE-BA90-27DE7F91BEB6}.Release|Any CPU.Build.0 = Release|Any CPU
		{BC4801D2-926E-4AC4-9CA7-EAC46BF12349}.Debug|Any CPU.ActiveCfg = Debug|Any CPU
		{BC4801D2-926E-4AC4-9CA7-EAC46BF12349}.Debug|Any CPU.Build.0 = Debug|Any CPU
		{BC4801D2-926E-4AC4-9CA7-EAC46BF12349}.Release|Any CPU.ActiveCfg = Release|Any CPU
		{BC4801D2-926E-4AC4-9CA7-EAC46BF12349}.Release|Any CPU.Build.0 = Release|Any CPU
		{BDCD4CAF-B3DA-4986-9AF5-30728263260F}.Debug|Any CPU.ActiveCfg = Debug|Any CPU
		{BDCD4CAF-B3DA-4986-9AF5-30728263260F}.Debug|Any CPU.Build.0 = Debug|Any CPU
		{BDCD4CAF-B3DA-4986-9AF5-30728263260F}.Release|Any CPU.ActiveCfg = Release|Any CPU
		{BDCD4CAF-B3DA-4986-9AF5-30728263260F}.Release|Any CPU.Build.0 = Release|Any CPU
	EndGlobalSection
	GlobalSection(SolutionProperties) = preSolution
		HideSolutionNode = FALSE
	EndGlobalSection
	GlobalSection(NestedProjects) = preSolution
		{859F5A12-113D-4CC7-9CEF-CBB0757FB8BB} = {9FA77FBA-2B6F-45DE-9AC8-A71D3391E5C3}
		{1958749A-D656-42CD-9114-07D7DAF0F7A1} = {9FA77FBA-2B6F-45DE-9AC8-A71D3391E5C3}
		{38356422-3A4C-494B-B4EF-2FF1EBEBCE85} = {9FA77FBA-2B6F-45DE-9AC8-A71D3391E5C3}
		{52D43CBC-D269-4EA9-BE27-8BB1734C349C} = {A0208381-1D42-41ED-BFD3-9174CD94E9E5}
		{0436A0F4-36E9-4DC7-BCB3-F697D2416CD6} = {DA474AFA-0498-4960-950A-C7EE6D18B03C}
		{44ED28B2-8A31-415B-AB6A-2734AADC223D} = {1A6C2886-68CC-4E1C-9849-C6029A5433B8}
		{0A6446A6-9802-46E7-9D65-6F2669A7A09B} = {B4A1D5B6-402B-4BBB-9A31-187C6A78056B}
		{A4F05701-75ED-4B18-BA5A-9A508503E6C1} = {DCEA960C-8F66-403A-A36A-FAE2123A01A0}
		{EBDC02CB-7900-4BEA-96D8-CA3CD2D11877} = {CBFE4CAA-4FC6-4CE6-AF28-34D4ABE594EC}
		{CD425F2B-BEE4-45B2-91D3-6C8F1A31CBFC} = {B016ED56-ED78-4A63-BB07-18D73315F5CA}
		{028557A0-09F4-4FC4-A153-EBE626B55B7B} = {1DCD7B94-496B-4BE4-8A0E-54B8CE592C40}
		{4143F318-71E6-46B2-8E91-C3156DE78716} = {13BDB65D-87D4-4CE7-927B-6329F011346C}
		{59246A58-AC0B-4DC3-BBD3-0A4BB2FA9C31} = {A0208381-1D42-41ED-BFD3-9174CD94E9E5}
		{C9684BAB-1085-49C7-A195-57386C8CC730} = {DA474AFA-0498-4960-950A-C7EE6D18B03C}
		{70D659F3-A152-403A-84D7-5497B43D380B} = {1A6C2886-68CC-4E1C-9849-C6029A5433B8}
		{A0B74E9F-ACE7-4222-8762-5729DE787E09} = {B4A1D5B6-402B-4BBB-9A31-187C6A78056B}
		{A3761971-FEB7-425D-9E54-1D55A40FBD44} = {DCEA960C-8F66-403A-A36A-FAE2123A01A0}
		{5F32DB41-376B-461F-8019-BBEFA4ABD624} = {CBFE4CAA-4FC6-4CE6-AF28-34D4ABE594EC}
		{D694407C-2EB7-422A-9D90-ED62D66C005C} = {B016ED56-ED78-4A63-BB07-18D73315F5CA}
		{4632242E-82D2-45B8-A667-B6D28ADE9FCB} = {1DCD7B94-496B-4BE4-8A0E-54B8CE592C40}
		{C6FF7CB1-2060-4012-81DF-4ECC8D3BF61D} = {13BDB65D-87D4-4CE7-927B-6329F011346C}
		{3A4F9F8F-CCC5-4203-B548-2EB98561418F} = {A0208381-1D42-41ED-BFD3-9174CD94E9E5}
		{4228A83B-D66A-4DB6-8F6C-29FD214A8ADD} = {DA474AFA-0498-4960-950A-C7EE6D18B03C}
		{32DD77B3-CDF8-4DF8-B326-57D961900D2D} = {1A6C2886-68CC-4E1C-9849-C6029A5433B8}
		{19BAFA00-B940-42F1-912D-A7A89E4B1204} = {B4A1D5B6-402B-4BBB-9A31-187C6A78056B}
		{62AC180D-9D12-4186-9985-346FF42755DD} = {DCEA960C-8F66-403A-A36A-FAE2123A01A0}
		{88D1A1BA-91AA-43A4-AF85-1060CFC1F768} = {CBFE4CAA-4FC6-4CE6-AF28-34D4ABE594EC}
		{D5A2D021-5A1B-4D50-ADBA-ACFC667F76EB} = {B016ED56-ED78-4A63-BB07-18D73315F5CA}
		{B4AB5E94-9D6B-4560-8FE4-A39464E80FDF} = {1DCD7B94-496B-4BE4-8A0E-54B8CE592C40}
		{9F8A2A3E-3084-47D0-B552-A39B29DC169D} = {13BDB65D-87D4-4CE7-927B-6329F011346C}
		{CCB3CF17-9F73-4E0D-B90D-169648FB05B1} = {859F5A12-113D-4CC7-9CEF-CBB0757FB8BB}
		{7A4B3212-D0F1-431C-83B9-5C7B7CE099FE} = {52D43CBC-D269-4EA9-BE27-8BB1734C349C}
		{392F5EDE-23A3-4F0B-829A-4DF547557CA1} = {0436A0F4-36E9-4DC7-BCB3-F697D2416CD6}
		{22DC16D9-9882-4CF8-B596-009D9E6A303F} = {44ED28B2-8A31-415B-AB6A-2734AADC223D}
		{81DE615F-FDF6-4764-9005-359A73529745} = {0A6446A6-9802-46E7-9D65-6F2669A7A09B}
		{8FA82575-9EDD-44B3-94CF-108A474FAE4C} = {A4F05701-75ED-4B18-BA5A-9A508503E6C1}
		{104BB3DC-B46F-41DF-AFE7-763D460C38D9} = {EBDC02CB-7900-4BEA-96D8-CA3CD2D11877}
		{35CD7968-6E12-4D07-B16C-B2FDAC4C7198} = {CD425F2B-BEE4-45B2-91D3-6C8F1A31CBFC}
		{247FAE34-0627-4530-852C-042FD6CF04A0} = {028557A0-09F4-4FC4-A153-EBE626B55B7B}
		{5C352AD5-AFE0-4E54-965C-82330F6E6D3F} = {4143F318-71E6-46B2-8E91-C3156DE78716}
		{2A7C8B09-D43B-41CE-9A43-9391D6974AD5} = {38356422-3A4C-494B-B4EF-2FF1EBEBCE85}
		{EA2B53BA-A276-4655-8AC7-FB026AC71D56} = {1958749A-D656-42CD-9114-07D7DAF0F7A1}
		{DE991E38-B642-42B5-9383-403FEA82A0D8} = {1958749A-D656-42CD-9114-07D7DAF0F7A1}
		{F6FEE5EE-BCE0-483F-AED5-DDA77CB72AB7} = {1958749A-D656-42CD-9114-07D7DAF0F7A1}
		{05F8CBFA-A4E2-49C5-86EE-9646DEBFDD59} = {59246A58-AC0B-4DC3-BBD3-0A4BB2FA9C31}
		{D35746F0-41A5-40E6-BDFF-E30CBAE429DD} = {59246A58-AC0B-4DC3-BBD3-0A4BB2FA9C31}
		{AF5272E9-BA96-4FA1-BC4F-B6B7E498D720} = {3A4F9F8F-CCC5-4203-B548-2EB98561418F}
		{CDD42E56-4297-473C-85F0-EF57C9A06581} = {C9684BAB-1085-49C7-A195-57386C8CC730}
		{9BF88058-335C-45C8-9EFE-0FB86EDBD1BC} = {4228A83B-D66A-4DB6-8F6C-29FD214A8ADD}
		{95B282F1-D1BB-44EF-9D1A-008543DD8233} = {70D659F3-A152-403A-84D7-5497B43D380B}
		{BA1FD594-3964-43A2-A679-95CE387B9265} = {70D659F3-A152-403A-84D7-5497B43D380B}
		{31AD6ED1-BE7B-486C-AF55-EB1025121DB4} = {70D659F3-A152-403A-84D7-5497B43D380B}
		{8F5DD80B-0EDB-4D80-8AB3-ED3DFC038D16} = {32DD77B3-CDF8-4DF8-B326-57D961900D2D}
		{3E6904D1-9C3B-40C9-BB2A-8C8CBBA66997} = {A0B74E9F-ACE7-4222-8762-5729DE787E09}
		{CA57EA31-C69E-4CE1-B2E5-F63C1F61C0C3} = {A0B74E9F-ACE7-4222-8762-5729DE787E09}
		{6794082F-6A8D-4A70-A715-E84C4A6C32E9} = {A0B74E9F-ACE7-4222-8762-5729DE787E09}
		{000D7214-C65A-4F61-8D6D-37FE75C07E98} = {19BAFA00-B940-42F1-912D-A7A89E4B1204}
		{F46A09DA-A8A8-4C7B-816E-A089BC24B3C8} = {A3761971-FEB7-425D-9E54-1D55A40FBD44}
		{947B4F33-89EB-4D53-A650-0F4C1A53F660} = {A3761971-FEB7-425D-9E54-1D55A40FBD44}
		{9DE0F373-44A1-49DD-B22A-AFC92B878E89} = {F46A09DA-A8A8-4C7B-816E-A089BC24B3C8}
		{8A111C12-3EC2-4540-B262-820334A5D1B4} = {F46A09DA-A8A8-4C7B-816E-A089BC24B3C8}
		{A2317E65-5870-44F7-9A72-16CAB63B37B9} = {947B4F33-89EB-4D53-A650-0F4C1A53F660}
		{3EFCC75B-D209-44C4-8652-1E8AF308CDC1} = {62AC180D-9D12-4186-9985-346FF42755DD}
		{2DB9D79D-C88E-4DEF-8D72-51DB65F0F51C} = {5F32DB41-376B-461F-8019-BBEFA4ABD624}
		{3EB92E50-A70A-4B2C-B4C4-58270105642D} = {88D1A1BA-91AA-43A4-AF85-1060CFC1F768}
		{B3787C39-3E88-4609-B78A-642554C01B51} = {D694407C-2EB7-422A-9D90-ED62D66C005C}
		{3BCB9600-0B43-4529-9FDD-E791CD38E0A0} = {D694407C-2EB7-422A-9D90-ED62D66C005C}
		{ECD4DE72-B435-4DA8-BF9F-A030A786845D} = {D694407C-2EB7-422A-9D90-ED62D66C005C}
		{9E7CBA2F-3774-4DE3-AED9-AEDAF758CB46} = {D5A2D021-5A1B-4D50-ADBA-ACFC667F76EB}
		{5DC55CFE-61B8-473F-BC3F-CF0D6E81351C} = {4632242E-82D2-45B8-A667-B6D28ADE9FCB}
		{37E0BBEE-9812-4AAC-8407-FB2BE851B10A} = {B4AB5E94-9D6B-4560-8FE4-A39464E80FDF}
		{F6F073D1-3D27-4C59-950D-8177CBE21775} = {C6FF7CB1-2060-4012-81DF-4ECC8D3BF61D}
		{A0D4575B-80E3-4D77-8EEA-6E9C688EB1A5} = {9F8A2A3E-3084-47D0-B552-A39B29DC169D}
		{9E7B840E-7D44-4B4C-8EB0-1B09AD597739} = {40F8F662-F92A-4A89-B63B-1C9220E24B30}
		{0C8F2299-40A1-480E-99CE-31A4D904596F} = {E4171AF9-B561-4FBE-9D84-1F93DBCA8167}
		{4272B2CE-A2CA-483F-9474-14F2B1401CDF} = {E4171AF9-B561-4FBE-9D84-1F93DBCA8167}
		{72613FA5-1E6F-4231-8B79-5E3B2CCAC959} = {E4171AF9-B561-4FBE-9D84-1F93DBCA8167}
		{397FB585-6093-40CF-A54E-2EFAC156369C} = {0C8F2299-40A1-480E-99CE-31A4D904596F}
		{FD3AED63-C614-4D5E-B215-E796793BBC6D} = {D2B69F56-7D4A-417B-8E1E-C92BA8BE538C}
		{238E0928-871E-4EBE-BA90-27DE7F91BEB6} = {FD3AED63-C614-4D5E-B215-E796793BBC6D}
		{D326973D-59DA-4672-B93B-2083474682FD} = {D2B69F56-7D4A-417B-8E1E-C92BA8BE538C}
		{BC4801D2-926E-4AC4-9CA7-EAC46BF12349} = {D326973D-59DA-4672-B93B-2083474682FD}
		{BDCD4CAF-B3DA-4986-9AF5-30728263260F} = {4272B2CE-A2CA-483F-9474-14F2B1401CDF}
	EndGlobalSection
	GlobalSection(ExtensibilityGlobals) = postSolution
		SolutionGuid = {43DDE49A-8B5E-423A-AC4B-4A082846460E}
	EndGlobalSection
EndGlobal
