
Microsoft Visual Studio Solution File, Format Version 12.00
# Visual Studio Version 17
VisualStudioVersion = 17.10.35013.160
MinimumVisualStudioVersion = 10.0.40219.1
Project("{2150E333-8FDC-42A3-9474-1A3956D46DE8}") = "1.WebApplication", "1.WebApplication", "{64492523-0B5B-4E78-89A8-65D21773AB6A}"
EndProject
Project("{2150E333-8FDC-42A3-9474-1A3956D46DE8}") = "2.ChangeDataLog", "2.ChangeDataLog", "{09642F87-36E5-4074-AF19-A644393BC7BC}"
EndProject
Project("{2150E333-8FDC-42A3-9474-1A3956D46DE8}") = "Abstraction", "Abstraction", "{D82D6E9A-86BB-45BB-9C45-583CD90405CA}"
EndProject
Project("{2150E333-8FDC-42A3-9474-1A3956D46DE8}") = "Implemetations", "Implemetations", "{40F27CBC-9A1A-4A5E-8DD5-F6A993DF5300}"
EndProject
Project("{FAE04EC0-301F-11D3-BF4B-00C04F79EFBC}") = "WebApplicationAPI", "1.WebApplication\WebApplication\WebApplicationAPI.csproj", "{299252DF-C0DC-47A9-96AF-8806E11C71B2}"
EndProject
Project("{FAE04EC0-301F-11D3-BF4B-00C04F79EFBC}") = "Extensions.ChangeDataLog.Hamster", "2.ChangeDataLog\Implemetations\Extensions.ChangeDataLog.Hamster\Extensions.ChangeDataLog.Hamster.csproj", "{4DAA6EF3-C935-49C7-B383-72A589191AD4}"
EndProject
Project("{FAE04EC0-301F-11D3-BF4B-00C04F79EFBC}") = "Extensions.ChangeDataLog.Sql", "2.ChangeDataLog\Implemetations\Extensions.ChangeDataLog.Sql\Extensions.ChangeDataLog.Sql.csproj", "{5522115A-A52D-4B8F-AED1-B4F0BA85F491}"
EndProject
Project("{FAE04EC0-301F-11D3-BF4B-00C04F79EFBC}") = "Extensions.ChangeDataLog.Abstractions", "2.ChangeDataLog\Abstraction\Extensions.ChangeDataLog.Abstractions\Extensions.ChangeDataLog.Abstractions.csproj", "{FE6934C9-423F-4CF4-9271-F8D621ACEA5D}"
EndProject
Project("{2150E333-8FDC-42A3-9474-1A3956D46DE8}") = "3.Caching", "3.Caching", "{57EBC95A-654F-4438-B99B-2FBB57964B82}"
EndProject
Project("{2150E333-8FDC-42A3-9474-1A3956D46DE8}") = "4.DependencyInjection", "4.DependencyInjection", "{3661884E-0573-4030-BE39-AD058C244F14}"
EndProject
Project("{2150E333-8FDC-42A3-9474-1A3956D46DE8}") = "5.Events", "5.Events", "{B7B29AE7-326A-47DE-84D3-D3C41343F4A5}"
EndProject
Project("{2150E333-8FDC-42A3-9474-1A3956D46DE8}") = "6.Logger", "6.Logger", "{6501439B-6857-49A9-A7BB-B0B3244981EA}"
EndProject
Project("{2150E333-8FDC-42A3-9474-1A3956D46DE8}") = "7.MessageBus", "7.MessageBus", "{F70AA20D-9899-4E4A-BA53-576C6924ED16}"
EndProject
Project("{2150E333-8FDC-42A3-9474-1A3956D46DE8}") = "8.ObjectMappers", "8.ObjectMappers", "{1063444C-CF54-4809-BD68-F906BCD9E310}"
EndProject
Project("{2150E333-8FDC-42A3-9474-1A3956D46DE8}") = "9.Serializers", "9.Serializers", "{99E5E7CD-1350-426C-A69D-774EE106A350}"
EndProject
Project("{2150E333-8FDC-42A3-9474-1A3956D46DE8}") = "10.Translations", "10.Translations", "{DD1998DE-9271-4EC4-A368-C2C3F5E1ABBA}"
EndProject
Project("{2150E333-8FDC-42A3-9474-1A3956D46DE8}") = "11.UsersManagement", "11.UsersManagement", "{722BC271-C4F1-473D-A2B6-61BA10D99744}"
EndProject
Project("{2150E333-8FDC-42A3-9474-1A3956D46DE8}") = "Abstraction", "Abstraction", "{B356DAFC-C007-4425-93B6-384F4794ED74}"
EndProject
Project("{2150E333-8FDC-42A3-9474-1A3956D46DE8}") = "Implemetations", "Implemetations", "{133060D5-26BC-4A85-AD91-B3F3B1FE0BD5}"
EndProject
Project("{2150E333-8FDC-42A3-9474-1A3956D46DE8}") = "Implemetations", "Implemetations", "{E850C723-F4F7-4535-9513-22D5B59920F3}"
EndProject
Project("{2150E333-8FDC-42A3-9474-1A3956D46DE8}") = "Abstraction", "Abstraction", "{F4A050E7-FF06-4C60-BE28-76C0263A2F46}"
EndProject
Project("{2150E333-8FDC-42A3-9474-1A3956D46DE8}") = "Abstraction", "Abstraction", "{6AB82371-9162-44DD-A1E8-9D1B98E02A30}"
EndProject
Project("{2150E333-8FDC-42A3-9474-1A3956D46DE8}") = "Implemetations", "Implemetations", "{9D344231-F405-4F72-971B-603F95BD83BA}"
EndProject
Project("{2150E333-8FDC-42A3-9474-1A3956D46DE8}") = "Implemetations", "Implemetations", "{9A98FC46-43A2-465C-A718-51E86EE06A16}"
EndProject
Project("{2150E333-8FDC-42A3-9474-1A3956D46DE8}") = "Abstraction", "Abstraction", "{58467252-D800-4C83-AC61-89CD4BF71112}"
EndProject
Project("{2150E333-8FDC-42A3-9474-1A3956D46DE8}") = "Abstraction", "Abstraction", "{5CBC095F-1D36-4351-9BCB-4E260C1423AE}"
EndProject
Project("{2150E333-8FDC-42A3-9474-1A3956D46DE8}") = "Implemetations", "Implemetations", "{03DAA099-655B-482D-8EB6-B3AFC360372F}"
EndProject
Project("{2150E333-8FDC-42A3-9474-1A3956D46DE8}") = "Implemetations", "Implemetations", "{BE270781-BC7A-4B51-9B3A-E8866DF7C79D}"
EndProject
Project("{2150E333-8FDC-42A3-9474-1A3956D46DE8}") = "Abstraction", "Abstraction", "{91A1ECC0-77BD-40D2-8CEC-965DA35CE17F}"
EndProject
Project("{2150E333-8FDC-42A3-9474-1A3956D46DE8}") = "Implemetations", "Implemetations", "{A5F15A6C-2D3C-4FAD-B8D4-9EB1B28DC39F}"
EndProject
Project("{2150E333-8FDC-42A3-9474-1A3956D46DE8}") = "Abstraction", "Abstraction", "{F64BA315-3144-4BF4-BB59-97C3569F563B}"
EndProject
Project("{2150E333-8FDC-42A3-9474-1A3956D46DE8}") = "Abstraction", "Abstraction", "{9FE0ACFB-15A7-4FC7-BEBC-96ABBA3041FB}"
EndProject
Project("{2150E333-8FDC-42A3-9474-1A3956D46DE8}") = "Implemetations", "Implemetations", "{78E236A7-C81B-487F-A554-96AE3517D02D}"
EndProject
Project("{2150E333-8FDC-42A3-9474-1A3956D46DE8}") = "Implemetations", "Implemetations", "{BD0708BE-7DDC-44CC-AC61-6E7AC8D3DE1E}"
EndProject
Project("{2150E333-8FDC-42A3-9474-1A3956D46DE8}") = "Abstraction", "Abstraction", "{88AA0484-2896-4171-AE5C-5EFB9DCDA10C}"
EndProject
Project("{FAE04EC0-301F-11D3-BF4B-00C04F79EFBC}") = "Extensions.UsersManagement.Abstractions", "11.UsersManagement\Abstraction\Extensions.UsersManagement.Abstractions\Extensions.UsersManagement.Abstractions.csproj", "{599338EE-D41B-4215-9C7E-7039F3F81838}"
EndProject
Project("{FAE04EC0-301F-11D3-BF4B-00C04F79EFBC}") = "Extensions.UsersManagement", "11.UsersManagement\Implemetations\Extensions.UsersManagement\Extensions.UsersManagement.csproj", "{31FBB53B-F53A-43A0-A62F-28FBB0916001}"
EndProject
Global
	GlobalSection(SolutionConfigurationPlatforms) = preSolution
		Debug|Any CPU = Debug|Any CPU
		Release|Any CPU = Release|Any CPU
	EndGlobalSection
	GlobalSection(ProjectConfigurationPlatforms) = postSolution
		{299252DF-C0DC-47A9-96AF-8806E11C71B2}.Debug|Any CPU.ActiveCfg = Debug|Any CPU
		{299252DF-C0DC-47A9-96AF-8806E11C71B2}.Debug|Any CPU.Build.0 = Debug|Any CPU
		{299252DF-C0DC-47A9-96AF-8806E11C71B2}.Release|Any CPU.ActiveCfg = Release|Any CPU
		{299252DF-C0DC-47A9-96AF-8806E11C71B2}.Release|Any CPU.Build.0 = Release|Any CPU
		{4DAA6EF3-C935-49C7-B383-72A589191AD4}.Debug|Any CPU.ActiveCfg = Debug|Any CPU
		{4DAA6EF3-C935-49C7-B383-72A589191AD4}.Debug|Any CPU.Build.0 = Debug|Any CPU
		{4DAA6EF3-C935-49C7-B383-72A589191AD4}.Release|Any CPU.ActiveCfg = Release|Any CPU
		{4DAA6EF3-C935-49C7-B383-72A589191AD4}.Release|Any CPU.Build.0 = Release|Any CPU
		{5522115A-A52D-4B8F-AED1-B4F0BA85F491}.Debug|Any CPU.ActiveCfg = Debug|Any CPU
		{5522115A-A52D-4B8F-AED1-B4F0BA85F491}.Debug|Any CPU.Build.0 = Debug|Any CPU
		{5522115A-A52D-4B8F-AED1-B4F0BA85F491}.Release|Any CPU.ActiveCfg = Release|Any CPU
		{5522115A-A52D-4B8F-AED1-B4F0BA85F491}.Release|Any CPU.Build.0 = Release|Any CPU
		{FE6934C9-423F-4CF4-9271-F8D621ACEA5D}.Debug|Any CPU.ActiveCfg = Debug|Any CPU
		{FE6934C9-423F-4CF4-9271-F8D621ACEA5D}.Debug|Any CPU.Build.0 = Debug|Any CPU
		{FE6934C9-423F-4CF4-9271-F8D621ACEA5D}.Release|Any CPU.ActiveCfg = Release|Any CPU
		{FE6934C9-423F-4CF4-9271-F8D621ACEA5D}.Release|Any CPU.Build.0 = Release|Any CPU
		{599338EE-D41B-4215-9C7E-7039F3F81838}.Debug|Any CPU.ActiveCfg = Debug|Any CPU
		{599338EE-D41B-4215-9C7E-7039F3F81838}.Debug|Any CPU.Build.0 = Debug|Any CPU
		{599338EE-D41B-4215-9C7E-7039F3F81838}.Release|Any CPU.ActiveCfg = Release|Any CPU
		{599338EE-D41B-4215-9C7E-7039F3F81838}.Release|Any CPU.Build.0 = Release|Any CPU
		{31FBB53B-F53A-43A0-A62F-28FBB0916001}.Debug|Any CPU.ActiveCfg = Debug|Any CPU
		{31FBB53B-F53A-43A0-A62F-28FBB0916001}.Debug|Any CPU.Build.0 = Debug|Any CPU
		{31FBB53B-F53A-43A0-A62F-28FBB0916001}.Release|Any CPU.ActiveCfg = Release|Any CPU
		{31FBB53B-F53A-43A0-A62F-28FBB0916001}.Release|Any CPU.Build.0 = Release|Any CPU
	EndGlobalSection
	GlobalSection(SolutionProperties) = preSolution
		HideSolutionNode = FALSE
	EndGlobalSection
	GlobalSection(NestedProjects) = preSolution
		{D82D6E9A-86BB-45BB-9C45-583CD90405CA} = {09642F87-36E5-4074-AF19-A644393BC7BC}
		{40F27CBC-9A1A-4A5E-8DD5-F6A993DF5300} = {09642F87-36E5-4074-AF19-A644393BC7BC}
		{299252DF-C0DC-47A9-96AF-8806E11C71B2} = {64492523-0B5B-4E78-89A8-65D21773AB6A}
		{4DAA6EF3-C935-49C7-B383-72A589191AD4} = {40F27CBC-9A1A-4A5E-8DD5-F6A993DF5300}
		{5522115A-A52D-4B8F-AED1-B4F0BA85F491} = {40F27CBC-9A1A-4A5E-8DD5-F6A993DF5300}
		{FE6934C9-423F-4CF4-9271-F8D621ACEA5D} = {D82D6E9A-86BB-45BB-9C45-583CD90405CA}
		{B356DAFC-C007-4425-93B6-384F4794ED74} = {DD1998DE-9271-4EC4-A368-C2C3F5E1ABBA}
		{133060D5-26BC-4A85-AD91-B3F3B1FE0BD5} = {DD1998DE-9271-4EC4-A368-C2C3F5E1ABBA}
		{E850C723-F4F7-4535-9513-22D5B59920F3} = {57EBC95A-654F-4438-B99B-2FBB57964B82}
		{F4A050E7-FF06-4C60-BE28-76C0263A2F46} = {57EBC95A-654F-4438-B99B-2FBB57964B82}
		{6AB82371-9162-44DD-A1E8-9D1B98E02A30} = {3661884E-0573-4030-BE39-AD058C244F14}
		{9D344231-F405-4F72-971B-603F95BD83BA} = {3661884E-0573-4030-BE39-AD058C244F14}
		{9A98FC46-43A2-465C-A718-51E86EE06A16} = {B7B29AE7-326A-47DE-84D3-D3C41343F4A5}
		{58467252-D800-4C83-AC61-89CD4BF71112} = {B7B29AE7-326A-47DE-84D3-D3C41343F4A5}
		{5CBC095F-1D36-4351-9BCB-4E260C1423AE} = {6501439B-6857-49A9-A7BB-B0B3244981EA}
		{03DAA099-655B-482D-8EB6-B3AFC360372F} = {6501439B-6857-49A9-A7BB-B0B3244981EA}
		{BE270781-BC7A-4B51-9B3A-E8866DF7C79D} = {F70AA20D-9899-4E4A-BA53-576C6924ED16}
		{91A1ECC0-77BD-40D2-8CEC-965DA35CE17F} = {F70AA20D-9899-4E4A-BA53-576C6924ED16}
		{A5F15A6C-2D3C-4FAD-B8D4-9EB1B28DC39F} = {1063444C-CF54-4809-BD68-F906BCD9E310}
		{F64BA315-3144-4BF4-BB59-97C3569F563B} = {1063444C-CF54-4809-BD68-F906BCD9E310}
		{9FE0ACFB-15A7-4FC7-BEBC-96ABBA3041FB} = {99E5E7CD-1350-426C-A69D-774EE106A350}
		{78E236A7-C81B-487F-A554-96AE3517D02D} = {99E5E7CD-1350-426C-A69D-774EE106A350}
		{BD0708BE-7DDC-44CC-AC61-6E7AC8D3DE1E} = {722BC271-C4F1-473D-A2B6-61BA10D99744}
		{88AA0484-2896-4171-AE5C-5EFB9DCDA10C} = {722BC271-C4F1-473D-A2B6-61BA10D99744}
		{599338EE-D41B-4215-9C7E-7039F3F81838} = {88AA0484-2896-4171-AE5C-5EFB9DCDA10C}
		{31FBB53B-F53A-43A0-A62F-28FBB0916001} = {BD0708BE-7DDC-44CC-AC61-6E7AC8D3DE1E}
	EndGlobalSection
	GlobalSection(ExtensibilityGlobals) = postSolution
		SolutionGuid = {43DDE49A-8B5E-423A-AC4B-4A082846460E}
	EndGlobalSection
EndGlobal
