
Microsoft Visual Studio Solution File, Format Version 12.00
# Visual Studio Version 17
VisualStudioVersion = 17.11.35327.3
MinimumVisualStudioVersion = 10.0.40219.1
Project("{2150E333-8FDC-42A3-9474-1A3956D46DE8}") = "Abstraction", "Abstraction", "{02EA681E-C7D8-13C7-8484-4AC65E1B71E8}"
EndProject
Project("{2150E333-8FDC-42A3-9474-1A3956D46DE8}") = "Implemention", "Implemention", "{659F3F75-7B38-4591-A582-9EA485668A13}"
EndProject
Project("{2150E333-8FDC-42A3-9474-1A3956D46DE8}") = "Sample", "Sample", "{8F8C9525-34FC-4EB7-8EE9-C3D6F6CDE7BD}"
EndProject
Project("{2150E333-8FDC-42A3-9474-1A3956D46DE8}") = "Redis", "Redis", "{99358F5F-5DFA-480A-ABA9-85E825E69044}"
EndProject
Project("{2150E333-8FDC-42A3-9474-1A3956D46DE8}") = "SQL", "SQL", "{2B2BC2FC-027F-4879-B547-43F5D1449E91}"
EndProject
Project("{2150E333-8FDC-42A3-9474-1A3956D46DE8}") = "InMemory", "InMemory", "{49D000E0-40D4-453A-9FDC-1006979DB026}"
EndProject
Project("{FAE04EC0-301F-11D3-BF4B-00C04F79EFBC}") = "Extensions.Caching.Abstractions", "Abstraction\Extensions.Caching.Abstractions\Extensions.Caching.Abstractions.csproj", "{D719DFAE-D264-4C9B-BC24-08DD896E3B23}"
EndProject
Project("{FAE04EC0-301F-11D3-BF4B-00C04F79EFBC}") = "Extensions.Caching.InMemory", "Implemention\InMemory\Extensions.Caching.InMemory\Extensions.Caching.InMemory.csproj", "{4D82DFBB-E75C-497F-A1E4-C7A8A34EA1DD}"
EndProject
Project("{FAE04EC0-301F-11D3-BF4B-00C04F79EFBC}") = "Extensions.Caching.Redis", "Implemention\Redis\Extensions.Caching.Redis\Extensions.Caching.Redis.csproj", "{9B40196D-3C4F-402D-89F5-0CFBBA7A0E0F}"
EndProject
Project("{FAE04EC0-301F-11D3-BF4B-00C04F79EFBC}") = "Extensions.Caching.SQL", "Implemention\SQL\Extensions.Caching.SQL\Extensions.Caching.SQL.csproj", "{06F57588-9EAD-4A67-A735-41197B5671DB}"
EndProject
Project("{FAE04EC0-301F-11D3-BF4B-00C04F79EFBC}") = "Extensions.Caching.WebApi", "Sample\Extensions.Caching.WebApi\Extensions.Caching.WebApi.csproj", "{C126E8DE-420D-426E-ADB0-474107377334}"
EndProject
Global
	GlobalSection(SolutionConfigurationPlatforms) = preSolution
		Debug|Any CPU = Debug|Any CPU
		Release|Any CPU = Release|Any CPU
	EndGlobalSection
	GlobalSection(ProjectConfigurationPlatforms) = postSolution
		{D719DFAE-D264-4C9B-BC24-08DD896E3B23}.Debug|Any CPU.ActiveCfg = Debug|Any CPU
		{D719DFAE-D264-4C9B-BC24-08DD896E3B23}.Debug|Any CPU.Build.0 = Debug|Any CPU
		{D719DFAE-D264-4C9B-BC24-08DD896E3B23}.Release|Any CPU.ActiveCfg = Release|Any CPU
		{D719DFAE-D264-4C9B-BC24-08DD896E3B23}.Release|Any CPU.Build.0 = Release|Any CPU
		{4D82DFBB-E75C-497F-A1E4-C7A8A34EA1DD}.Debug|Any CPU.ActiveCfg = Debug|Any CPU
		{4D82DFBB-E75C-497F-A1E4-C7A8A34EA1DD}.Debug|Any CPU.Build.0 = Debug|Any CPU
		{4D82DFBB-E75C-497F-A1E4-C7A8A34EA1DD}.Release|Any CPU.ActiveCfg = Release|Any CPU
		{4D82DFBB-E75C-497F-A1E4-C7A8A34EA1DD}.Release|Any CPU.Build.0 = Release|Any CPU
		{9B40196D-3C4F-402D-89F5-0CFBBA7A0E0F}.Debug|Any CPU.ActiveCfg = Debug|Any CPU
		{9B40196D-3C4F-402D-89F5-0CFBBA7A0E0F}.Debug|Any CPU.Build.0 = Debug|Any CPU
		{9B40196D-3C4F-402D-89F5-0CFBBA7A0E0F}.Release|Any CPU.ActiveCfg = Release|Any CPU
		{9B40196D-3C4F-402D-89F5-0CFBBA7A0E0F}.Release|Any CPU.Build.0 = Release|Any CPU
		{06F57588-9EAD-4A67-A735-41197B5671DB}.Debug|Any CPU.ActiveCfg = Debug|Any CPU
		{06F57588-9EAD-4A67-A735-41197B5671DB}.Debug|Any CPU.Build.0 = Debug|Any CPU
		{06F57588-9EAD-4A67-A735-41197B5671DB}.Release|Any CPU.ActiveCfg = Release|Any CPU
		{06F57588-9EAD-4A67-A735-41197B5671DB}.Release|Any CPU.Build.0 = Release|Any CPU
		{C126E8DE-420D-426E-ADB0-474107377334}.Debug|Any CPU.ActiveCfg = Debug|Any CPU
		{C126E8DE-420D-426E-ADB0-474107377334}.Debug|Any CPU.Build.0 = Debug|Any CPU
		{C126E8DE-420D-426E-ADB0-474107377334}.Release|Any CPU.ActiveCfg = Release|Any CPU
		{C126E8DE-420D-426E-ADB0-474107377334}.Release|Any CPU.Build.0 = Release|Any CPU
	EndGlobalSection
	GlobalSection(SolutionProperties) = preSolution
		HideSolutionNode = FALSE
	EndGlobalSection
	GlobalSection(NestedProjects) = preSolution
		{99358F5F-5DFA-480A-ABA9-85E825E69044} = {659F3F75-7B38-4591-A582-9EA485668A13}
		{2B2BC2FC-027F-4879-B547-43F5D1449E91} = {659F3F75-7B38-4591-A582-9EA485668A13}
		{49D000E0-40D4-453A-9FDC-1006979DB026} = {659F3F75-7B38-4591-A582-9EA485668A13}
		{D719DFAE-D264-4C9B-BC24-08DD896E3B23} = {02EA681E-C7D8-13C7-8484-4AC65E1B71E8}
		{4D82DFBB-E75C-497F-A1E4-C7A8A34EA1DD} = {49D000E0-40D4-453A-9FDC-1006979DB026}
		{9B40196D-3C4F-402D-89F5-0CFBBA7A0E0F} = {99358F5F-5DFA-480A-ABA9-85E825E69044}
		{06F57588-9EAD-4A67-A735-41197B5671DB} = {2B2BC2FC-027F-4879-B547-43F5D1449E91}
		{C126E8DE-420D-426E-ADB0-474107377334} = {8F8C9525-34FC-4EB7-8EE9-C3D6F6CDE7BD}
	EndGlobalSection
	GlobalSection(ExtensibilityGlobals) = postSolution
		SolutionGuid = {4EE1D476-1028-4C4A-BF88-322722AA90C6}
	EndGlobalSection
EndGlobal
