
Microsoft Visual Studio Solution File, Format Version 12.00
# Visual Studio Version 17
VisualStudioVersion = 17.12.35707.178
MinimumVisualStudioVersion = 10.0.40219.1
Project("{2150E333-8FDC-42A3-9474-1A3956D46DE8}") = "Abstraction", "Abstraction", "{7AC6BBBE-EFA1-454A-BCD5-C13413DBE95B}"
EndProject
Project("{2150E333-8FDC-42A3-9474-1A3956D46DE8}") = "Implementation", "Implementation", "{D5734B35-7B82-4B4F-853D-6FA193E10B94}"
EndProject
Project("{2150E333-8FDC-42A3-9474-1A3956D46DE8}") = "Sample", "Sample", "{54AECEFE-E5A9-4F2B-8A42-8406A0E6AE2E}"
EndProject
Project("{FAE04EC0-301F-11D3-BF4B-00C04F79EFBC}") = "Extensions.MessageBroker.Abstractions", "Abstraction\Extensions.MessageBroker.Abstractions\Extensions.MessageBroker.Abstractions.csproj", "{8348B623-0C90-4E5A-88A7-7707FDE80860}"
EndProject
Project("{FAE04EC0-301F-11D3-BF4B-00C04F79EFBC}") = "Extensions.MessageBroker.RabbitMQ", "Implementation\Extensions.MessageBroker.RabbitMQ\Extensions.MessageBroker.RabbitMQ.csproj", "{160A3734-9B7E-4CB0-8B51-0FC769725066}"
EndProject
Project("{2150E333-8FDC-42A3-9474-1A3956D46DE8}") = "ConsoleSamples", "ConsoleSamples", "{B8862029-905E-4780-B5D2-0E7BEC16777C}"
EndProject
Project("{2150E333-8FDC-42A3-9474-1A3956D46DE8}") = "0.HelloWorld", "0.HelloWorld", "{AB3408F7-6592-4F37-B3EA-6B530E393EA6}"
EndProject
Project("{FAE04EC0-301F-11D3-BF4B-00C04F79EFBC}") = "ConsoleSample.HelloWorld.Sender", "Sample\ConsoleSamples\HelloWorld\ConsoleSample.HelloWorld.Sender\ConsoleSample.HelloWorld.Sender.csproj", "{91C4BD21-750C-445E-994F-0E72BD11EC39}"
EndProject
Project("{FAE04EC0-301F-11D3-BF4B-00C04F79EFBC}") = "ConsoleSample.HelloWorld.Receiver", "Sample\ConsoleSamples\HelloWorld\ConsoleSample.HelloWorld.Receiver\ConsoleSample.HelloWorld.Receiver.csproj", "{38A033C1-3BCB-4D62-9FC6-B18313860C7D}"
EndProject
Project("{2150E333-8FDC-42A3-9474-1A3956D46DE8}") = "Framework", "Framework", "{C87EBFDD-5CB4-43E2-B01E-323364D2D022}"
EndProject
Project("{FAE04EC0-301F-11D3-BF4B-00C04F79EFBC}") = "Framework.Basesource", "Sample\Framework\Framework.Basesource\Framework.Basesource.csproj", "{F592D1EC-EFB1-4399-B9C6-291B3A450E09}"
EndProject
Project("{2150E333-8FDC-42A3-9474-1A3956D46DE8}") = "2.MessageSystem", "2.MessageSystem", "{02EA681E-C7D8-13C7-8484-4AC65E1B71E8}"
EndProject
Project("{FAE04EC0-301F-11D3-BF4B-00C04F79EFBC}") = "ConsoleSample.MessageSystem.Receiver", "Sample\ConsoleSamples\MessageSystem\ConsoleSample.MessageSystem.Receiver\ConsoleSample.MessageSystem.Receiver.csproj", "{911EE6A9-AADA-4B6E-9B24-803B19098E1F}"
EndProject
Project("{FAE04EC0-301F-11D3-BF4B-00C04F79EFBC}") = "ConsoleSample.MessageSystem.Sender", "Sample\ConsoleSamples\MessageSystem\ConsoleSample.MessageSystem.Sender\ConsoleSample.MessageSystem.Sender.csproj", "{37D59086-8FE7-421A-BA8C-44C00E93CD72}"
EndProject
Project("{2150E333-8FDC-42A3-9474-1A3956D46DE8}") = "1.SendEmail", "1.SendEmail", "{9122A746-5B88-4463-B0C5-94CDCA6071E6}"
EndProject
Project("{FAE04EC0-301F-11D3-BF4B-00C04F79EFBC}") = "ConsoleSample.SendEmail.Receiver", "Sample\ConsoleSamples\SendEmail\ConsoleSample.SendEmail.Receiver\ConsoleSample.SendEmail.Receiver.csproj", "{5761705D-B50F-4D10-87CD-1059E16B6463}"
EndProject
Project("{FAE04EC0-301F-11D3-BF4B-00C04F79EFBC}") = "ConsoleSample.SendEmail.Sender", "Sample\ConsoleSamples\SendEmail\ConsoleSample.SendEmail.Sender\ConsoleSample.SendEmail.Sender.csproj", "{79344F32-F49D-4B0B-B197-049E4548CA20}"
EndProject
Project("{2150E333-8FDC-42A3-9474-1A3956D46DE8}") = "3.WorkQueues", "3.WorkQueues", "{8CB10B87-CAC7-4436-955F-61D30866A295}"
EndProject
Project("{FAE04EC0-301F-11D3-BF4B-00C04F79EFBC}") = "ConsoleSample.WorkQueues.Sender", "Sample\ConsoleSamples\WorkQueues\ConsoleSample.WorkQueues.Sender\ConsoleSample.WorkQueues.Sender.csproj", "{70D9C542-392B-404C-AC48-8868F3324436}"
EndProject
Project("{FAE04EC0-301F-11D3-BF4B-00C04F79EFBC}") = "ConsoleSample.WorkQueues.Receiver", "Sample\ConsoleSamples\WorkQueues\ConsoleSample.WorkQueues.Receiver\ConsoleSample.WorkQueues.Receiver.csproj", "{E71A5F91-0780-4FF8-986E-B764D01622D4}"
EndProject
Project("{2150E333-8FDC-42A3-9474-1A3956D46DE8}") = "4.PublishSubscribe", "4.PublishSubscribe", "{28DD0C10-30B6-4A7B-AD6A-5CD4F03EC619}"
EndProject
Project("{FAE04EC0-301F-11D3-BF4B-00C04F79EFBC}") = "ConsoleSample.PublishSubscribe.Receiver", "Sample\ConsoleSamples\PublishSubscribe\ConsoleSample.PublishSubscribe.Receiver\ConsoleSample.PublishSubscribe.Receiver.csproj", "{56E92A66-E58B-435E-90A5-1E56A69BEAD0}"
EndProject
Project("{FAE04EC0-301F-11D3-BF4B-00C04F79EFBC}") = "ConsoleSample.PublishSubscribe.Sender", "Sample\ConsoleSamples\PublishSubscribe\ConsoleSample.PublishSubscribe.Sender\ConsoleSample.PublishSubscribe.Sender.csproj", "{B6607182-0865-4C92-A70E-19685E0535D2}"
EndProject
Project("{2150E333-8FDC-42A3-9474-1A3956D46DE8}") = "WebApiSamples", "WebApiSamples", "{9E68E6A6-9DDF-491B-A831-3DE77A4B07A2}"
EndProject
Project("{FAE04EC0-301F-11D3-BF4B-00C04F79EFBC}") = "Extensions.MessageBroker.WebApi", "Sample\WebApiSamples\Extensions.MessageBroker.WebApi\Extensions.MessageBroker.WebApi.csproj", "{468B42C3-9B0A-44BA-A627-F9C999333AE6}"
EndProject
Global
	GlobalSection(SolutionConfigurationPlatforms) = preSolution
		Debug|Any CPU = Debug|Any CPU
		Release|Any CPU = Release|Any CPU
	EndGlobalSection
	GlobalSection(ProjectConfigurationPlatforms) = postSolution
		{8348B623-0C90-4E5A-88A7-7707FDE80860}.Debug|Any CPU.ActiveCfg = Debug|Any CPU
		{8348B623-0C90-4E5A-88A7-7707FDE80860}.Debug|Any CPU.Build.0 = Debug|Any CPU
		{8348B623-0C90-4E5A-88A7-7707FDE80860}.Release|Any CPU.ActiveCfg = Release|Any CPU
		{8348B623-0C90-4E5A-88A7-7707FDE80860}.Release|Any CPU.Build.0 = Release|Any CPU
		{160A3734-9B7E-4CB0-8B51-0FC769725066}.Debug|Any CPU.ActiveCfg = Debug|Any CPU
		{160A3734-9B7E-4CB0-8B51-0FC769725066}.Debug|Any CPU.Build.0 = Debug|Any CPU
		{160A3734-9B7E-4CB0-8B51-0FC769725066}.Release|Any CPU.ActiveCfg = Release|Any CPU
		{160A3734-9B7E-4CB0-8B51-0FC769725066}.Release|Any CPU.Build.0 = Release|Any CPU
		{91C4BD21-750C-445E-994F-0E72BD11EC39}.Debug|Any CPU.ActiveCfg = Debug|Any CPU
		{91C4BD21-750C-445E-994F-0E72BD11EC39}.Debug|Any CPU.Build.0 = Debug|Any CPU
		{91C4BD21-750C-445E-994F-0E72BD11EC39}.Release|Any CPU.ActiveCfg = Release|Any CPU
		{91C4BD21-750C-445E-994F-0E72BD11EC39}.Release|Any CPU.Build.0 = Release|Any CPU
		{38A033C1-3BCB-4D62-9FC6-B18313860C7D}.Debug|Any CPU.ActiveCfg = Debug|Any CPU
		{38A033C1-3BCB-4D62-9FC6-B18313860C7D}.Debug|Any CPU.Build.0 = Debug|Any CPU
		{38A033C1-3BCB-4D62-9FC6-B18313860C7D}.Release|Any CPU.ActiveCfg = Release|Any CPU
		{38A033C1-3BCB-4D62-9FC6-B18313860C7D}.Release|Any CPU.Build.0 = Release|Any CPU
		{F592D1EC-EFB1-4399-B9C6-291B3A450E09}.Debug|Any CPU.ActiveCfg = Debug|Any CPU
		{F592D1EC-EFB1-4399-B9C6-291B3A450E09}.Debug|Any CPU.Build.0 = Debug|Any CPU
		{F592D1EC-EFB1-4399-B9C6-291B3A450E09}.Release|Any CPU.ActiveCfg = Release|Any CPU
		{F592D1EC-EFB1-4399-B9C6-291B3A450E09}.Release|Any CPU.Build.0 = Release|Any CPU
		{911EE6A9-AADA-4B6E-9B24-803B19098E1F}.Debug|Any CPU.ActiveCfg = Debug|Any CPU
		{911EE6A9-AADA-4B6E-9B24-803B19098E1F}.Debug|Any CPU.Build.0 = Debug|Any CPU
		{911EE6A9-AADA-4B6E-9B24-803B19098E1F}.Release|Any CPU.ActiveCfg = Release|Any CPU
		{911EE6A9-AADA-4B6E-9B24-803B19098E1F}.Release|Any CPU.Build.0 = Release|Any CPU
		{37D59086-8FE7-421A-BA8C-44C00E93CD72}.Debug|Any CPU.ActiveCfg = Debug|Any CPU
		{37D59086-8FE7-421A-BA8C-44C00E93CD72}.Debug|Any CPU.Build.0 = Debug|Any CPU
		{37D59086-8FE7-421A-BA8C-44C00E93CD72}.Release|Any CPU.ActiveCfg = Release|Any CPU
		{37D59086-8FE7-421A-BA8C-44C00E93CD72}.Release|Any CPU.Build.0 = Release|Any CPU
		{5761705D-B50F-4D10-87CD-1059E16B6463}.Debug|Any CPU.ActiveCfg = Debug|Any CPU
		{5761705D-B50F-4D10-87CD-1059E16B6463}.Debug|Any CPU.Build.0 = Debug|Any CPU
		{5761705D-B50F-4D10-87CD-1059E16B6463}.Release|Any CPU.ActiveCfg = Release|Any CPU
		{5761705D-B50F-4D10-87CD-1059E16B6463}.Release|Any CPU.Build.0 = Release|Any CPU
		{79344F32-F49D-4B0B-B197-049E4548CA20}.Debug|Any CPU.ActiveCfg = Debug|Any CPU
		{79344F32-F49D-4B0B-B197-049E4548CA20}.Debug|Any CPU.Build.0 = Debug|Any CPU
		{79344F32-F49D-4B0B-B197-049E4548CA20}.Release|Any CPU.ActiveCfg = Release|Any CPU
		{79344F32-F49D-4B0B-B197-049E4548CA20}.Release|Any CPU.Build.0 = Release|Any CPU
		{70D9C542-392B-404C-AC48-8868F3324436}.Debug|Any CPU.ActiveCfg = Debug|Any CPU
		{70D9C542-392B-404C-AC48-8868F3324436}.Debug|Any CPU.Build.0 = Debug|Any CPU
		{70D9C542-392B-404C-AC48-8868F3324436}.Release|Any CPU.ActiveCfg = Release|Any CPU
		{70D9C542-392B-404C-AC48-8868F3324436}.Release|Any CPU.Build.0 = Release|Any CPU
		{E71A5F91-0780-4FF8-986E-B764D01622D4}.Debug|Any CPU.ActiveCfg = Debug|Any CPU
		{E71A5F91-0780-4FF8-986E-B764D01622D4}.Debug|Any CPU.Build.0 = Debug|Any CPU
		{E71A5F91-0780-4FF8-986E-B764D01622D4}.Release|Any CPU.ActiveCfg = Release|Any CPU
		{E71A5F91-0780-4FF8-986E-B764D01622D4}.Release|Any CPU.Build.0 = Release|Any CPU
		{56E92A66-E58B-435E-90A5-1E56A69BEAD0}.Debug|Any CPU.ActiveCfg = Debug|Any CPU
		{56E92A66-E58B-435E-90A5-1E56A69BEAD0}.Debug|Any CPU.Build.0 = Debug|Any CPU
		{56E92A66-E58B-435E-90A5-1E56A69BEAD0}.Release|Any CPU.ActiveCfg = Release|Any CPU
		{56E92A66-E58B-435E-90A5-1E56A69BEAD0}.Release|Any CPU.Build.0 = Release|Any CPU
		{B6607182-0865-4C92-A70E-19685E0535D2}.Debug|Any CPU.ActiveCfg = Debug|Any CPU
		{B6607182-0865-4C92-A70E-19685E0535D2}.Debug|Any CPU.Build.0 = Debug|Any CPU
		{B6607182-0865-4C92-A70E-19685E0535D2}.Release|Any CPU.ActiveCfg = Release|Any CPU
		{B6607182-0865-4C92-A70E-19685E0535D2}.Release|Any CPU.Build.0 = Release|Any CPU
		{468B42C3-9B0A-44BA-A627-F9C999333AE6}.Debug|Any CPU.ActiveCfg = Debug|Any CPU
		{468B42C3-9B0A-44BA-A627-F9C999333AE6}.Debug|Any CPU.Build.0 = Debug|Any CPU
		{468B42C3-9B0A-44BA-A627-F9C999333AE6}.Release|Any CPU.ActiveCfg = Release|Any CPU
		{468B42C3-9B0A-44BA-A627-F9C999333AE6}.Release|Any CPU.Build.0 = Release|Any CPU
	EndGlobalSection
	GlobalSection(SolutionProperties) = preSolution
		HideSolutionNode = FALSE
	EndGlobalSection
	GlobalSection(NestedProjects) = preSolution
		{8348B623-0C90-4E5A-88A7-7707FDE80860} = {7AC6BBBE-EFA1-454A-BCD5-C13413DBE95B}
		{160A3734-9B7E-4CB0-8B51-0FC769725066} = {D5734B35-7B82-4B4F-853D-6FA193E10B94}
		{B8862029-905E-4780-B5D2-0E7BEC16777C} = {54AECEFE-E5A9-4F2B-8A42-8406A0E6AE2E}
		{AB3408F7-6592-4F37-B3EA-6B530E393EA6} = {B8862029-905E-4780-B5D2-0E7BEC16777C}
		{91C4BD21-750C-445E-994F-0E72BD11EC39} = {AB3408F7-6592-4F37-B3EA-6B530E393EA6}
		{38A033C1-3BCB-4D62-9FC6-B18313860C7D} = {AB3408F7-6592-4F37-B3EA-6B530E393EA6}
		{C87EBFDD-5CB4-43E2-B01E-323364D2D022} = {54AECEFE-E5A9-4F2B-8A42-8406A0E6AE2E}
		{F592D1EC-EFB1-4399-B9C6-291B3A450E09} = {C87EBFDD-5CB4-43E2-B01E-323364D2D022}
		{02EA681E-C7D8-13C7-8484-4AC65E1B71E8} = {B8862029-905E-4780-B5D2-0E7BEC16777C}
		{911EE6A9-AADA-4B6E-9B24-803B19098E1F} = {02EA681E-C7D8-13C7-8484-4AC65E1B71E8}
		{37D59086-8FE7-421A-BA8C-44C00E93CD72} = {02EA681E-C7D8-13C7-8484-4AC65E1B71E8}
		{9122A746-5B88-4463-B0C5-94CDCA6071E6} = {B8862029-905E-4780-B5D2-0E7BEC16777C}
		{5761705D-B50F-4D10-87CD-1059E16B6463} = {9122A746-5B88-4463-B0C5-94CDCA6071E6}
		{79344F32-F49D-4B0B-B197-049E4548CA20} = {9122A746-5B88-4463-B0C5-94CDCA6071E6}
		{8CB10B87-CAC7-4436-955F-61D30866A295} = {B8862029-905E-4780-B5D2-0E7BEC16777C}
		{70D9C542-392B-404C-AC48-8868F3324436} = {8CB10B87-CAC7-4436-955F-61D30866A295}
		{E71A5F91-0780-4FF8-986E-B764D01622D4} = {8CB10B87-CAC7-4436-955F-61D30866A295}
		{28DD0C10-30B6-4A7B-AD6A-5CD4F03EC619} = {B8862029-905E-4780-B5D2-0E7BEC16777C}
		{56E92A66-E58B-435E-90A5-1E56A69BEAD0} = {28DD0C10-30B6-4A7B-AD6A-5CD4F03EC619}
		{B6607182-0865-4C92-A70E-19685E0535D2} = {28DD0C10-30B6-4A7B-AD6A-5CD4F03EC619}
		{9E68E6A6-9DDF-491B-A831-3DE77A4B07A2} = {54AECEFE-E5A9-4F2B-8A42-8406A0E6AE2E}
		{468B42C3-9B0A-44BA-A627-F9C999333AE6} = {9E68E6A6-9DDF-491B-A831-3DE77A4B07A2}
	EndGlobalSection
	GlobalSection(ExtensibilityGlobals) = postSolution
		SolutionGuid = {80867598-5B00-4B02-80EA-ACF35749CD80}
	EndGlobalSection
EndGlobal
