
Microsoft Visual Studio Solution File, Format Version 12.00
# Visual Studio Version 17
VisualStudioVersion = 17.11.35327.3
MinimumVisualStudioVersion = 10.0.40219.1
Project("{2150E333-8FDC-42A3-9474-1A3956D46DE8}") = "Abstraction", "Abstraction", "{90EB27FA-EDDD-4ADD-832F-510FFCCC15A1}"
EndProject
Project("{2150E333-8FDC-42A3-9474-1A3956D46DE8}") = "Implemention", "Implemention", "{FE8BFC97-D6E0-4062-853D-2C919161FBE3}"
EndProject
Project("{2150E333-8FDC-42A3-9474-1A3956D46DE8}") = "Sample", "Sample", "{1CDC3D4B-F036-45D1-821A-0B4A5B367978}"
EndProject
Project("{FAE04EC0-301F-11D3-BF4B-00C04F79EFBC}") = "Extensions.Translations.Abstractions", "Abstraction\Extensions.Translations.Abstractions\Extensions.Translations.Abstractions.csproj", "{051653BD-419C-4976-8025-D954651FA321}"
EndProject
Project("{FAE04EC0-301F-11D3-BF4B-00C04F79EFBC}") = "Extensions.Translations.Parrot", "Implemention\Extensions.Translations.Parrot\Extensions.Translations.Parrot.csproj", "{423ACBD6-9E95-4DBD-85BA-5DBFEA0427B3}"
EndProject
Project("{FAE04EC0-301F-11D3-BF4B-00C04F79EFBC}") = "Translations.WebApi", "Sample\Translations.WebApi\Translations.WebApi.csproj", "{EDA1C15E-9FC5-4977-8D84-4E1E97ACF88B}"
EndProject
Global
	GlobalSection(SolutionConfigurationPlatforms) = preSolution
		Debug|Any CPU = Debug|Any CPU
		Release|Any CPU = Release|Any CPU
	EndGlobalSection
	GlobalSection(ProjectConfigurationPlatforms) = postSolution
		{051653BD-419C-4976-8025-D954651FA321}.Debug|Any CPU.ActiveCfg = Debug|Any CPU
		{051653BD-419C-4976-8025-D954651FA321}.Debug|Any CPU.Build.0 = Debug|Any CPU
		{051653BD-419C-4976-8025-D954651FA321}.Release|Any CPU.ActiveCfg = Release|Any CPU
		{051653BD-419C-4976-8025-D954651FA321}.Release|Any CPU.Build.0 = Release|Any CPU
		{423ACBD6-9E95-4DBD-85BA-5DBFEA0427B3}.Debug|Any CPU.ActiveCfg = Debug|Any CPU
		{423ACBD6-9E95-4DBD-85BA-5DBFEA0427B3}.Debug|Any CPU.Build.0 = Debug|Any CPU
		{423ACBD6-9E95-4DBD-85BA-5DBFEA0427B3}.Release|Any CPU.ActiveCfg = Release|Any CPU
		{423ACBD6-9E95-4DBD-85BA-5DBFEA0427B3}.Release|Any CPU.Build.0 = Release|Any CPU
		{EDA1C15E-9FC5-4977-8D84-4E1E97ACF88B}.Debug|Any CPU.ActiveCfg = Debug|Any CPU
		{EDA1C15E-9FC5-4977-8D84-4E1E97ACF88B}.Debug|Any CPU.Build.0 = Debug|Any CPU
		{EDA1C15E-9FC5-4977-8D84-4E1E97ACF88B}.Release|Any CPU.ActiveCfg = Release|Any CPU
		{EDA1C15E-9FC5-4977-8D84-4E1E97ACF88B}.Release|Any CPU.Build.0 = Release|Any CPU
	EndGlobalSection
	GlobalSection(SolutionProperties) = preSolution
		HideSolutionNode = FALSE
	EndGlobalSection
	GlobalSection(NestedProjects) = preSolution
		{051653BD-419C-4976-8025-D954651FA321} = {90EB27FA-EDDD-4ADD-832F-510FFCCC15A1}
		{423ACBD6-9E95-4DBD-85BA-5DBFEA0427B3} = {FE8BFC97-D6E0-4062-853D-2C919161FBE3}
		{EDA1C15E-9FC5-4977-8D84-4E1E97ACF88B} = {1CDC3D4B-F036-45D1-821A-0B4A5B367978}
	EndGlobalSection
	GlobalSection(ExtensibilityGlobals) = postSolution
		SolutionGuid = {30DDB7AA-5405-4BE7-9A2D-63744F755848}
	EndGlobalSection
EndGlobal
