
Microsoft Visual Studio Solution File, Format Version 12.00
# Visual Studio Version 17
VisualStudioVersion = 17.13.35806.99
MinimumVisualStudioVersion = 10.0.40219.1
Project("{2150E333-8FDC-42A3-9474-1A3956D46DE8}") = "1.HelloWorld", "1.HelloWorld", "{02EA681E-C7D8-13C7-8484-4AC65E1B71E8}"
EndProject
Project("{FAE04EC0-301F-11D3-BF4B-00C04F79EFBC}") = "HelloWorld.Sender", "1.HelloWorld\HelloWorld.Sender\HelloWorld.Sender.csproj", "{7FA9A189-BA35-4E5A-BE6C-FBC7CDF752FA}"
EndProject
Project("{2150E333-8FDC-42A3-9474-1A3956D46DE8}") = "Framework", "Framework", "{8EFCD3CE-E463-4462-BFC6-0AB79DD3F4D4}"
EndProject
Project("{FAE04EC0-301F-11D3-BF4B-00C04F79EFBC}") = "Framework.BaseSource", "Framework\Framework.BaseSource\Framework.BaseSource.csproj", "{02850D54-39A1-4855-82DC-4F45C14C3286}"
EndProject
Project("{FAE04EC0-301F-11D3-BF4B-00C04F79EFBC}") = "HelloWorld.Receiver", "1.HelloWorld\HelloWorld.Receiver\HelloWorld.Receiver.csproj", "{59895A8D-EC84-42F0-B01A-7043A7F1F7C9}"
EndProject
Global
	GlobalSection(SolutionConfigurationPlatforms) = preSolution
		Debug|Any CPU = Debug|Any CPU
		Release|Any CPU = Release|Any CPU
	EndGlobalSection
	GlobalSection(ProjectConfigurationPlatforms) = postSolution
		{7FA9A189-BA35-4E5A-BE6C-FBC7CDF752FA}.Debug|Any CPU.ActiveCfg = Debug|Any CPU
		{7FA9A189-BA35-4E5A-BE6C-FBC7CDF752FA}.Debug|Any CPU.Build.0 = Debug|Any CPU
		{7FA9A189-BA35-4E5A-BE6C-FBC7CDF752FA}.Release|Any CPU.ActiveCfg = Release|Any CPU
		{7FA9A189-BA35-4E5A-BE6C-FBC7CDF752FA}.Release|Any CPU.Build.0 = Release|Any CPU
		{02850D54-39A1-4855-82DC-4F45C14C3286}.Debug|Any CPU.ActiveCfg = Debug|Any CPU
		{02850D54-39A1-4855-82DC-4F45C14C3286}.Debug|Any CPU.Build.0 = Debug|Any CPU
		{02850D54-39A1-4855-82DC-4F45C14C3286}.Release|Any CPU.ActiveCfg = Release|Any CPU
		{02850D54-39A1-4855-82DC-4F45C14C3286}.Release|Any CPU.Build.0 = Release|Any CPU
		{59895A8D-EC84-42F0-B01A-7043A7F1F7C9}.Debug|Any CPU.ActiveCfg = Debug|Any CPU
		{59895A8D-EC84-42F0-B01A-7043A7F1F7C9}.Debug|Any CPU.Build.0 = Debug|Any CPU
		{59895A8D-EC84-42F0-B01A-7043A7F1F7C9}.Release|Any CPU.ActiveCfg = Release|Any CPU
		{59895A8D-EC84-42F0-B01A-7043A7F1F7C9}.Release|Any CPU.Build.0 = Release|Any CPU
	EndGlobalSection
	GlobalSection(SolutionProperties) = preSolution
		HideSolutionNode = FALSE
	EndGlobalSection
	GlobalSection(NestedProjects) = preSolution
		{7FA9A189-BA35-4E5A-BE6C-FBC7CDF752FA} = {02EA681E-C7D8-13C7-8484-4AC65E1B71E8}
		{02850D54-39A1-4855-82DC-4F45C14C3286} = {8EFCD3CE-E463-4462-BFC6-0AB79DD3F4D4}
		{59895A8D-EC84-42F0-B01A-7043A7F1F7C9} = {02EA681E-C7D8-13C7-8484-4AC65E1B71E8}
	EndGlobalSection
	GlobalSection(ExtensibilityGlobals) = postSolution
		SolutionGuid = {C8CAFF15-92F6-4BC5-BC61-5539234BB7AA}
	EndGlobalSection
EndGlobal
